// !$*UTF8*$!
{
	archiveVersion = 1;
	classes = {
	};
	objectVersion = 46;
	objects = {

/* Begin PBXBuildFile section */
		5B1340FC17622309008F8F1E /* UIAlertView+Essentials.m in Sources */ = {isa = PBXBuildFile; fileRef = 5B1340FB17622309008F8F1E /* UIAlertView+Essentials.m */; };
		5B134100176223DC008F8F1E /* NSObject+Essentials.m in Sources */ = {isa = PBXBuildFile; fileRef = 5B1340FF176223DC008F8F1E /* NSObject+Essentials.m */; };
		5B13410417622955008F8F1E /* UIActionSheet+Essentials.m in Sources */ = {isa = PBXBuildFile; fileRef = 5B13410317622955008F8F1E /* UIActionSheet+Essentials.m */; };
		5B13410717622CA1008F8F1E /* UIColor+Essentials.m in Sources */ = {isa = PBXBuildFile; fileRef = 5B13410617622CA1008F8F1E /* UIColor+Essentials.m */; };
		5B13410A17622E0F008F8F1E /* UIDevice+Essentials.m in Sources */ = {isa = PBXBuildFile; fileRef = 5B13410917622E0F008F8F1E /* UIDevice+Essentials.m */; };
		5B13410D17623C53008F8F1E /* NSDictionary+Essentials.m in Sources */ = {isa = PBXBuildFile; fileRef = 5B13410C17623C53008F8F1E /* NSDictionary+Essentials.m */; };
		5B1341101762401C008F8F1E /* UIImage+Essentials.m in Sources */ = {isa = PBXBuildFile; fileRef = 5B13410F1762401C008F8F1E /* UIImage+Essentials.m */; };
		5B13411217624043008F8F1E /* QuartzCore.framework in Frameworks */ = {isa = PBXBuildFile; fileRef = 5B13411117624043008F8F1E /* QuartzCore.framework */; };
		5B13411517624235008F8F1E /* UIScreen+Essentials.m in Sources */ = {isa = PBXBuildFile; fileRef = 5B13411417624235008F8F1E /* UIScreen+Essentials.m */; };
		5B134118176243C2008F8F1E /* UIView+Essentials.m in Sources */ = {isa = PBXBuildFile; fileRef = 5B134117176243C2008F8F1E /* UIView+Essentials.m */; };
		5B13C0B71786DEB9001666F4 /* UIKit.framework in Frameworks */ = {isa = PBXBuildFile; fileRef = 5B13C0B61786DEB8001666F4 /* UIKit.framework */; };
		5B13C0B91786DED0001666F4 /* CoreGraphics.framework in Frameworks */ = {isa = PBXBuildFile; fileRef = 5B13C0B81786DED0001666F4 /* CoreGraphics.framework */; };
		5B13C0BA1786DEDF001666F4 /* UIKit.framework in Frameworks */ = {isa = PBXBuildFile; fileRef = 5B13C0B61786DEB8001666F4 /* UIKit.framework */; };
		5B13C0BB1786DEE4001666F4 /* CoreGraphics.framework in Frameworks */ = {isa = PBXBuildFile; fileRef = 5B13C0B81786DED0001666F4 /* CoreGraphics.framework */; };
		5B6C499B184F6A6C00C1D075 /* NSData+Essentials.h in Headers */ = {isa = PBXBuildFile; fileRef = 5B6C4999184F6A6C00C1D075 /* NSData+Essentials.h */; };
		5B6C499C184F6A6C00C1D075 /* NSData+Essentials.m in Sources */ = {isa = PBXBuildFile; fileRef = 5B6C499A184F6A6C00C1D075 /* NSData+Essentials.m */; };
		5B6C499D184F6A6C00C1D075 /* NSData+Essentials.m in Sources */ = {isa = PBXBuildFile; fileRef = 5B6C499A184F6A6C00C1D075 /* NSData+Essentials.m */; };
		5B6D195017749EC900FA2E3E /* NSNumber+Essentials.m in Sources */ = {isa = PBXBuildFile; fileRef = 5B6D194F17749EC800FA2E3E /* NSNumber+Essentials.m */; };
		5B6D199A177C465200FA2E3E /* UIKit+Essentials.m in Sources */ = {isa = PBXBuildFile; fileRef = 5B6D1999177C45EE00FA2E3E /* UIKit+Essentials.m */; };
		5B7A38C117C39E5500C2F24C /* NSAttributedString+Essentials.m in Sources */ = {isa = PBXBuildFile; fileRef = 5B7A38C017C39E5500C2F24C /* NSAttributedString+Essentials.m */; };
		5B7A38C417C3A43300C2F24C /* NSMutableAttributedString+Essentials.m in Sources */ = {isa = PBXBuildFile; fileRef = 5B7A38C317C3A43300C2F24C /* NSMutableAttributedString+Essentials.m */; };
		5B8A641E180AC74F00E0AEE8 /* NSDate+Essentials.m in Sources */ = {isa = PBXBuildFile; fileRef = 5B8A641D180AC74F00E0AEE8 /* NSDate+Essentials.m */; };
		5B9E640517BBB9AF008CB772 /* NSShadow+Essentials.m in Sources */ = {isa = PBXBuildFile; fileRef = 5B9E640417BBB9AF008CB772 /* NSShadow+Essentials.m */; };
		5B9E640E17BBC8A2008CB772 /* Foundation+Essentials.m in Sources */ = {isa = PBXBuildFile; fileRef = 5B9E640D17BBC8A2008CB772 /* Foundation+Essentials.m */; };
		5BBFA58C176205DF0061E8B5 /* Foundation.framework in Frameworks */ = {isa = PBXBuildFile; fileRef = 5BBFA58B176205DF0061E8B5 /* Foundation.framework */; };
		5BBFA59B176205DF0061E8B5 /* SenTestingKit.framework in Frameworks */ = {isa = PBXBuildFile; fileRef = 5BBFA59A176205DF0061E8B5 /* SenTestingKit.framework */; };
		5BBFA59E176205DF0061E8B5 /* Foundation.framework in Frameworks */ = {isa = PBXBuildFile; fileRef = 5BBFA58B176205DF0061E8B5 /* Foundation.framework */; };
		5BBFA5A1176205DF0061E8B5 /* libEssentials.a in Frameworks */ = {isa = PBXBuildFile; fileRef = 5BBFA588176205DF0061E8B5 /* libEssentials.a */; };
		5BBFA5B51762061F0061E8B5 /* NSString+Essentials.m in Sources */ = {isa = PBXBuildFile; fileRef = 5BBFA5B41762061F0061E8B5 /* NSString+Essentials.m */; };
		5BBFA5B917620B7F0061E8B5 /* NSStringEssentialsTest.m in Sources */ = {isa = PBXBuildFile; fileRef = 5BBFA5B817620B7F0061E8B5 /* NSStringEssentialsTest.m */; };
		5BBFA5BE176213B50061E8B5 /* NSArray+Essentials.m in Sources */ = {isa = PBXBuildFile; fileRef = 5BBFA5BD176213B50061E8B5 /* NSArray+Essentials.m */; };
		5BBFA5C1176214D00061E8B5 /* NSMutableArray+Essentials.m in Sources */ = {isa = PBXBuildFile; fileRef = 5BBFA5C0176214D00061E8B5 /* NSMutableArray+Essentials.m */; };
		5BBFA5D117621E490061E8B5 /* NSError+Essentials.m in Sources */ = {isa = PBXBuildFile; fileRef = 5BBFA5D017621E490061E8B5 /* NSError+Essentials.m */; };
		5BBFA5D417621EC30061E8B5 /* NSInvocation+Essentials.m in Sources */ = {isa = PBXBuildFile; fileRef = 5BBFA5D317621EC30061E8B5 /* NSInvocation+Essentials.m */; };
		5BBFA5D717621F7A0061E8B5 /* NSOperationQueue+Essentials.m in Sources */ = {isa = PBXBuildFile; fileRef = 5BBFA5D617621F7A0061E8B5 /* NSOperationQueue+Essentials.m */; };
		5BE79BFC189BFCF0004A02B1 /* NSMutableDictionary+Essentials.h in Headers */ = {isa = PBXBuildFile; fileRef = 5BE79BFA189BFCF0004A02B1 /* NSMutableDictionary+Essentials.h */; };
		5BE79BFD189BFCF0004A02B1 /* NSMutableDictionary+Essentials.m in Sources */ = {isa = PBXBuildFile; fileRef = 5BE79BFB189BFCF0004A02B1 /* NSMutableDictionary+Essentials.m */; };
		5BE79BFE189BFCF0004A02B1 /* NSMutableDictionary+Essentials.m in Sources */ = {isa = PBXBuildFile; fileRef = 5BE79BFB189BFCF0004A02B1 /* NSMutableDictionary+Essentials.m */; };
		5BE79C01189BFE69004A02B1 /* NSUUID+Essentials.h in Headers */ = {isa = PBXBuildFile; fileRef = 5BE79BFF189BFE69004A02B1 /* NSUUID+Essentials.h */; };
		5BE79C02189BFE69004A02B1 /* NSUUID+Essentials.m in Sources */ = {isa = PBXBuildFile; fileRef = 5BE79C00189BFE69004A02B1 /* NSUUID+Essentials.m */; };
		5BE79C03189BFE69004A02B1 /* NSUUID+Essentials.m in Sources */ = {isa = PBXBuildFile; fileRef = 5BE79C00189BFE69004A02B1 /* NSUUID+Essentials.m */; };
		5BF8385C17EF6DAA0054CC07 /* UITableView+Essentials.m in Sources */ = {isa = PBXBuildFile; fileRef = 5BF8385B17EF6DAA0054CC07 /* UITableView+Essentials.m */; };
		5BFBAC051844BB8900179483 /* Foundation+Essentials.m in Sources */ = {isa = PBXBuildFile; fileRef = 5B9E640D17BBC8A2008CB772 /* Foundation+Essentials.m */; };
		5BFBAC061844BB8900179483 /* NSObject+Essentials.m in Sources */ = {isa = PBXBuildFile; fileRef = 5B1340FF176223DC008F8F1E /* NSObject+Essentials.m */; };
		5BFBAC071844BB8900179483 /* NSString+Essentials.m in Sources */ = {isa = PBXBuildFile; fileRef = 5BBFA5B41762061F0061E8B5 /* NSString+Essentials.m */; };
		5BFBAC081844BB8900179483 /* NSArray+Essentials.m in Sources */ = {isa = PBXBuildFile; fileRef = 5BBFA5BD176213B50061E8B5 /* NSArray+Essentials.m */; };
		5BFBAC091844BB8900179483 /* NSMutableArray+Essentials.m in Sources */ = {isa = PBXBuildFile; fileRef = 5BBFA5C0176214D00061E8B5 /* NSMutableArray+Essentials.m */; };
		5BFBAC0A1844BB8900179483 /* NSDictionary+Essentials.m in Sources */ = {isa = PBXBuildFile; fileRef = 5B13410C17623C53008F8F1E /* NSDictionary+Essentials.m */; };
		5BFBAC0B1844BB8900179483 /* NSError+Essentials.m in Sources */ = {isa = PBXBuildFile; fileRef = 5BBFA5D017621E490061E8B5 /* NSError+Essentials.m */; };
		5BFBAC0C1844BB8900179483 /* NSNumber+Essentials.m in Sources */ = {isa = PBXBuildFile; fileRef = 5B6D194F17749EC800FA2E3E /* NSNumber+Essentials.m */; };
		5BFBAC0D1844BB8900179483 /* NSInvocation+Essentials.m in Sources */ = {isa = PBXBuildFile; fileRef = 5BBFA5D317621EC30061E8B5 /* NSInvocation+Essentials.m */; };
		5BFBAC0E1844BB8900179483 /* NSOperationQueue+Essentials.m in Sources */ = {isa = PBXBuildFile; fileRef = 5BBFA5D617621F7A0061E8B5 /* NSOperationQueue+Essentials.m */; };
		5BFBAC0F1844BB8900179483 /* NSDate+Essentials.m in Sources */ = {isa = PBXBuildFile; fileRef = 5B8A641D180AC74F00E0AEE8 /* NSDate+Essentials.m */; };
		5BFBAC181844BD7F00179483 /* Foundation.framework in Frameworks */ = {isa = PBXBuildFile; fileRef = 5BFBAC171844BD7F00179483 /* Foundation.framework */; };
		5FC56AB0177B3ACE00AB6A4A /* UIScrollView+Essentials.m in Sources */ = {isa = PBXBuildFile; fileRef = 5FC56AAE177B3ACE00AB6A4A /* UIScrollView+Essentials.m */; };
/* End PBXBuildFile section */

/* Begin PBXContainerItemProxy section */
		5BBFA59F176205DF0061E8B5 /* PBXContainerItemProxy */ = {
			isa = PBXContainerItemProxy;
			containerPortal = 5BBFA580176205DF0061E8B5 /* Project object */;
			proxyType = 1;
			remoteGlobalIDString = 5BBFA587176205DF0061E8B5;
			remoteInfo = Essentials;
		};
/* End PBXContainerItemProxy section */

/* Begin PBXCopyFilesBuildPhase section */
		5BBFA586176205DF0061E8B5 /* CopyFiles */ = {
			isa = PBXCopyFilesBuildPhase;
			buildActionMask = 2147483647;
			dstPath = "include/${PRODUCT_NAME}";
			dstSubfolderSpec = 16;
			files = (
			);
			runOnlyForDeploymentPostprocessing = 0;
		};
/* End PBXCopyFilesBuildPhase section */

/* Begin PBXFileReference section */
		5B1340FA17622309008F8F1E /* UIAlertView+Essentials.h */ = {isa = PBXFileReference; fileEncoding = 4; lastKnownFileType = sourcecode.c.h; path = "UIAlertView+Essentials.h"; sourceTree = "<group>"; };
		5B1340FB17622309008F8F1E /* UIAlertView+Essentials.m */ = {isa = PBXFileReference; fileEncoding = 4; lastKnownFileType = sourcecode.c.objc; path = "UIAlertView+Essentials.m"; sourceTree = "<group>"; };
		5B1340FE176223DC008F8F1E /* NSObject+Essentials.h */ = {isa = PBXFileReference; fileEncoding = 4; lastKnownFileType = sourcecode.c.h; path = "NSObject+Essentials.h"; sourceTree = "<group>"; };
		5B1340FF176223DC008F8F1E /* NSObject+Essentials.m */ = {isa = PBXFileReference; fileEncoding = 4; lastKnownFileType = sourcecode.c.objc; path = "NSObject+Essentials.m"; sourceTree = "<group>"; };
		5B13410217622955008F8F1E /* UIActionSheet+Essentials.h */ = {isa = PBXFileReference; fileEncoding = 4; lastKnownFileType = sourcecode.c.h; path = "UIActionSheet+Essentials.h"; sourceTree = "<group>"; };
		5B13410317622955008F8F1E /* UIActionSheet+Essentials.m */ = {isa = PBXFileReference; fileEncoding = 4; lastKnownFileType = sourcecode.c.objc; path = "UIActionSheet+Essentials.m"; sourceTree = "<group>"; };
		5B13410517622CA1008F8F1E /* UIColor+Essentials.h */ = {isa = PBXFileReference; fileEncoding = 4; lastKnownFileType = sourcecode.c.h; path = "UIColor+Essentials.h"; sourceTree = "<group>"; };
		5B13410617622CA1008F8F1E /* UIColor+Essentials.m */ = {isa = PBXFileReference; fileEncoding = 4; lastKnownFileType = sourcecode.c.objc; path = "UIColor+Essentials.m"; sourceTree = "<group>"; };
		5B13410817622E0F008F8F1E /* UIDevice+Essentials.h */ = {isa = PBXFileReference; fileEncoding = 4; lastKnownFileType = sourcecode.c.h; path = "UIDevice+Essentials.h"; sourceTree = "<group>"; };
		5B13410917622E0F008F8F1E /* UIDevice+Essentials.m */ = {isa = PBXFileReference; fileEncoding = 4; lastKnownFileType = sourcecode.c.objc; path = "UIDevice+Essentials.m"; sourceTree = "<group>"; };
		5B13410B17623C53008F8F1E /* NSDictionary+Essentials.h */ = {isa = PBXFileReference; fileEncoding = 4; lastKnownFileType = sourcecode.c.h; path = "NSDictionary+Essentials.h"; sourceTree = "<group>"; };
		5B13410C17623C53008F8F1E /* NSDictionary+Essentials.m */ = {isa = PBXFileReference; fileEncoding = 4; lastKnownFileType = sourcecode.c.objc; path = "NSDictionary+Essentials.m"; sourceTree = "<group>"; };
		5B13410E1762401C008F8F1E /* UIImage+Essentials.h */ = {isa = PBXFileReference; fileEncoding = 4; lastKnownFileType = sourcecode.c.h; path = "UIImage+Essentials.h"; sourceTree = "<group>"; };
		5B13410F1762401C008F8F1E /* UIImage+Essentials.m */ = {isa = PBXFileReference; fileEncoding = 4; lastKnownFileType = sourcecode.c.objc; path = "UIImage+Essentials.m"; sourceTree = "<group>"; };
		5B13411117624043008F8F1E /* QuartzCore.framework */ = {isa = PBXFileReference; lastKnownFileType = wrapper.framework; name = QuartzCore.framework; path = System/Library/Frameworks/QuartzCore.framework; sourceTree = SDKROOT; };
		5B13411317624235008F8F1E /* UIScreen+Essentials.h */ = {isa = PBXFileReference; fileEncoding = 4; lastKnownFileType = sourcecode.c.h; path = "UIScreen+Essentials.h"; sourceTree = "<group>"; };
		5B13411417624235008F8F1E /* UIScreen+Essentials.m */ = {isa = PBXFileReference; fileEncoding = 4; lastKnownFileType = sourcecode.c.objc; path = "UIScreen+Essentials.m"; sourceTree = "<group>"; };
		5B134116176243C2008F8F1E /* UIView+Essentials.h */ = {isa = PBXFileReference; fileEncoding = 4; lastKnownFileType = sourcecode.c.h; path = "UIView+Essentials.h"; sourceTree = "<group>"; };
		5B134117176243C2008F8F1E /* UIView+Essentials.m */ = {isa = PBXFileReference; fileEncoding = 4; lastKnownFileType = sourcecode.c.objc; path = "UIView+Essentials.m"; sourceTree = "<group>"; };
		5B13C0B61786DEB8001666F4 /* UIKit.framework */ = {isa = PBXFileReference; lastKnownFileType = wrapper.framework; name = UIKit.framework; path = System/Library/Frameworks/UIKit.framework; sourceTree = SDKROOT; };
		5B13C0B81786DED0001666F4 /* CoreGraphics.framework */ = {isa = PBXFileReference; lastKnownFileType = wrapper.framework; name = CoreGraphics.framework; path = System/Library/Frameworks/CoreGraphics.framework; sourceTree = SDKROOT; };
		5B6C4999184F6A6C00C1D075 /* NSData+Essentials.h */ = {isa = PBXFileReference; fileEncoding = 4; lastKnownFileType = sourcecode.c.h; path = "NSData+Essentials.h"; sourceTree = "<group>"; };
		5B6C499A184F6A6C00C1D075 /* NSData+Essentials.m */ = {isa = PBXFileReference; fileEncoding = 4; lastKnownFileType = sourcecode.c.objc; path = "NSData+Essentials.m"; sourceTree = "<group>"; };
		5B6D194E17749EC800FA2E3E /* NSNumber+Essentials.h */ = {isa = PBXFileReference; fileEncoding = 4; lastKnownFileType = sourcecode.c.h; path = "NSNumber+Essentials.h"; sourceTree = "<group>"; };
		5B6D194F17749EC800FA2E3E /* NSNumber+Essentials.m */ = {isa = PBXFileReference; fileEncoding = 4; lastKnownFileType = sourcecode.c.objc; path = "NSNumber+Essentials.m"; sourceTree = "<group>"; };
		5B6D1999177C45EE00FA2E3E /* UIKit+Essentials.m */ = {isa = PBXFileReference; fileEncoding = 4; lastKnownFileType = sourcecode.c.objc; path = "UIKit+Essentials.m"; sourceTree = "<group>"; };
		5B7A38BF17C39E5500C2F24C /* NSAttributedString+Essentials.h */ = {isa = PBXFileReference; fileEncoding = 4; lastKnownFileType = sourcecode.c.h; path = "NSAttributedString+Essentials.h"; sourceTree = "<group>"; };
		5B7A38C017C39E5500C2F24C /* NSAttributedString+Essentials.m */ = {isa = PBXFileReference; fileEncoding = 4; lastKnownFileType = sourcecode.c.objc; path = "NSAttributedString+Essentials.m"; sourceTree = "<group>"; };
		5B7A38C217C3A43300C2F24C /* NSMutableAttributedString+Essentials.h */ = {isa = PBXFileReference; fileEncoding = 4; lastKnownFileType = sourcecode.c.h; path = "NSMutableAttributedString+Essentials.h"; sourceTree = "<group>"; };
		5B7A38C317C3A43300C2F24C /* NSMutableAttributedString+Essentials.m */ = {isa = PBXFileReference; fileEncoding = 4; lastKnownFileType = sourcecode.c.objc; path = "NSMutableAttributedString+Essentials.m"; sourceTree = "<group>"; };
		5B8A641C180AC74F00E0AEE8 /* NSDate+Essentials.h */ = {isa = PBXFileReference; fileEncoding = 4; lastKnownFileType = sourcecode.c.h; path = "NSDate+Essentials.h"; sourceTree = "<group>"; };
		5B8A641D180AC74F00E0AEE8 /* NSDate+Essentials.m */ = {isa = PBXFileReference; fileEncoding = 4; lastKnownFileType = sourcecode.c.objc; path = "NSDate+Essentials.m"; sourceTree = "<group>"; };
		5B9E640317BBB9AF008CB772 /* NSShadow+Essentials.h */ = {isa = PBXFileReference; fileEncoding = 4; lastKnownFileType = sourcecode.c.h; path = "NSShadow+Essentials.h"; sourceTree = "<group>"; };
		5B9E640417BBB9AF008CB772 /* NSShadow+Essentials.m */ = {isa = PBXFileReference; fileEncoding = 4; lastKnownFileType = sourcecode.c.objc; path = "NSShadow+Essentials.m"; sourceTree = "<group>"; };
		5B9E640D17BBC8A2008CB772 /* Foundation+Essentials.m */ = {isa = PBXFileReference; fileEncoding = 4; lastKnownFileType = sourcecode.c.objc; path = "Foundation+Essentials.m"; sourceTree = "<group>"; };
		5BBFA588176205DF0061E8B5 /* libEssentials.a */ = {isa = PBXFileReference; explicitFileType = archive.ar; includeInIndex = 0; path = libEssentials.a; sourceTree = BUILT_PRODUCTS_DIR; };
		5BBFA58B176205DF0061E8B5 /* Foundation.framework */ = {isa = PBXFileReference; lastKnownFileType = wrapper.framework; name = Foundation.framework; path = System/Library/Frameworks/Foundation.framework; sourceTree = SDKROOT; };
		5BBFA590176205DF0061E8B5 /* Essentials.h */ = {isa = PBXFileReference; lastKnownFileType = sourcecode.c.h; path = Essentials.h; sourceTree = "<group>"; };
		5BBFA599176205DF0061E8B5 /* EssentialsTests.octest */ = {isa = PBXFileReference; explicitFileType = wrapper.cfbundle; includeInIndex = 0; path = EssentialsTests.octest; sourceTree = BUILT_PRODUCTS_DIR; };
		5BBFA59A176205DF0061E8B5 /* SenTestingKit.framework */ = {isa = PBXFileReference; lastKnownFileType = wrapper.framework; name = SenTestingKit.framework; path = Library/Frameworks/SenTestingKit.framework; sourceTree = DEVELOPER_DIR; };
		5BBFA5A4176205DF0061E8B5 /* EssentialsTests-Info.plist */ = {isa = PBXFileReference; lastKnownFileType = text.plist.xml; path = "EssentialsTests-Info.plist"; sourceTree = "<group>"; };
		5BBFA5B31762061F0061E8B5 /* NSString+Essentials.h */ = {isa = PBXFileReference; fileEncoding = 4; lastKnownFileType = sourcecode.c.h; path = "NSString+Essentials.h"; sourceTree = "<group>"; };
		5BBFA5B41762061F0061E8B5 /* NSString+Essentials.m */ = {isa = PBXFileReference; fileEncoding = 4; lastKnownFileType = sourcecode.c.objc; path = "NSString+Essentials.m"; sourceTree = "<group>"; };
		5BBFA5B717620B7F0061E8B5 /* NSStringEssentialsTest.h */ = {isa = PBXFileReference; fileEncoding = 4; lastKnownFileType = sourcecode.c.h; path = NSStringEssentialsTest.h; sourceTree = "<group>"; };
		5BBFA5B817620B7F0061E8B5 /* NSStringEssentialsTest.m */ = {isa = PBXFileReference; fileEncoding = 4; lastKnownFileType = sourcecode.c.objc; path = NSStringEssentialsTest.m; sourceTree = "<group>"; };
		5BBFA5BC176213B50061E8B5 /* NSArray+Essentials.h */ = {isa = PBXFileReference; fileEncoding = 4; lastKnownFileType = sourcecode.c.h; path = "NSArray+Essentials.h"; sourceTree = "<group>"; };
		5BBFA5BD176213B50061E8B5 /* NSArray+Essentials.m */ = {isa = PBXFileReference; fileEncoding = 4; lastKnownFileType = sourcecode.c.objc; path = "NSArray+Essentials.m"; sourceTree = "<group>"; };
		5BBFA5BF176214D00061E8B5 /* NSMutableArray+Essentials.h */ = {isa = PBXFileReference; fileEncoding = 4; lastKnownFileType = sourcecode.c.h; path = "NSMutableArray+Essentials.h"; sourceTree = "<group>"; };
		5BBFA5C0176214D00061E8B5 /* NSMutableArray+Essentials.m */ = {isa = PBXFileReference; fileEncoding = 4; lastKnownFileType = sourcecode.c.objc; path = "NSMutableArray+Essentials.m"; sourceTree = "<group>"; };
		5BBFA5CF17621E490061E8B5 /* NSError+Essentials.h */ = {isa = PBXFileReference; fileEncoding = 4; lastKnownFileType = sourcecode.c.h; path = "NSError+Essentials.h"; sourceTree = "<group>"; };
		5BBFA5D017621E490061E8B5 /* NSError+Essentials.m */ = {isa = PBXFileReference; fileEncoding = 4; lastKnownFileType = sourcecode.c.objc; path = "NSError+Essentials.m"; sourceTree = "<group>"; };
		5BBFA5D217621EC30061E8B5 /* NSInvocation+Essentials.h */ = {isa = PBXFileReference; fileEncoding = 4; lastKnownFileType = sourcecode.c.h; path = "NSInvocation+Essentials.h"; sourceTree = "<group>"; };
		5BBFA5D317621EC30061E8B5 /* NSInvocation+Essentials.m */ = {isa = PBXFileReference; fileEncoding = 4; lastKnownFileType = sourcecode.c.objc; path = "NSInvocation+Essentials.m"; sourceTree = "<group>"; };
		5BBFA5D517621F7A0061E8B5 /* NSOperationQueue+Essentials.h */ = {isa = PBXFileReference; fileEncoding = 4; lastKnownFileType = sourcecode.c.h; path = "NSOperationQueue+Essentials.h"; sourceTree = "<group>"; };
		5BBFA5D617621F7A0061E8B5 /* NSOperationQueue+Essentials.m */ = {isa = PBXFileReference; fileEncoding = 4; lastKnownFileType = sourcecode.c.objc; path = "NSOperationQueue+Essentials.m"; sourceTree = "<group>"; };
		5BE79BFA189BFCF0004A02B1 /* NSMutableDictionary+Essentials.h */ = {isa = PBXFileReference; fileEncoding = 4; lastKnownFileType = sourcecode.c.h; path = "NSMutableDictionary+Essentials.h"; sourceTree = "<group>"; };
		5BE79BFB189BFCF0004A02B1 /* NSMutableDictionary+Essentials.m */ = {isa = PBXFileReference; fileEncoding = 4; lastKnownFileType = sourcecode.c.objc; path = "NSMutableDictionary+Essentials.m"; sourceTree = "<group>"; };
		5BE79BFF189BFE69004A02B1 /* NSUUID+Essentials.h */ = {isa = PBXFileReference; fileEncoding = 4; lastKnownFileType = sourcecode.c.h; path = "NSUUID+Essentials.h"; sourceTree = "<group>"; };
		5BE79C00189BFE69004A02B1 /* NSUUID+Essentials.m */ = {isa = PBXFileReference; fileEncoding = 4; lastKnownFileType = sourcecode.c.objc; path = "NSUUID+Essentials.m"; sourceTree = "<group>"; };
		5BF8385A17EF6DAA0054CC07 /* UITableView+Essentials.h */ = {isa = PBXFileReference; fileEncoding = 4; lastKnownFileType = sourcecode.c.h; path = "UITableView+Essentials.h"; sourceTree = "<group>"; };
		5BF8385B17EF6DAA0054CC07 /* UITableView+Essentials.m */ = {isa = PBXFileReference; fileEncoding = 4; lastKnownFileType = sourcecode.c.objc; path = "UITableView+Essentials.m"; sourceTree = "<group>"; };
		5BFBABDF1844BAC300179483 /* libEssentialsOSX.a */ = {isa = PBXFileReference; explicitFileType = archive.ar; includeInIndex = 0; path = libEssentialsOSX.a; sourceTree = BUILT_PRODUCTS_DIR; };
		5BFBAC171844BD7F00179483 /* Foundation.framework */ = {isa = PBXFileReference; lastKnownFileType = wrapper.framework; name = Foundation.framework; path = Platforms/MacOSX.platform/Developer/SDKs/MacOSX10.9.sdk/System/Library/Frameworks/Foundation.framework; sourceTree = DEVELOPER_DIR; };
		5F906B4417709E8700097175 /* Foundation+Essentials.h */ = {isa = PBXFileReference; lastKnownFileType = sourcecode.c.h; path = "Foundation+Essentials.h"; sourceTree = "<group>"; };
		5F906B4517709E9400097175 /* UIKit+Essentials.h */ = {isa = PBXFileReference; lastKnownFileType = sourcecode.c.h; path = "UIKit+Essentials.h"; sourceTree = "<group>"; };
		5FC56AAE177B3ACE00AB6A4A /* UIScrollView+Essentials.m */ = {isa = PBXFileReference; fileEncoding = 4; lastKnownFileType = sourcecode.c.objc; path = "UIScrollView+Essentials.m"; sourceTree = "<group>"; };
		5FC56AAF177B3ACE00AB6A4A /* UIScrollView+Essentials.h */ = {isa = PBXFileReference; fileEncoding = 4; lastKnownFileType = sourcecode.c.h; path = "UIScrollView+Essentials.h"; sourceTree = "<group>"; };
/* End PBXFileReference section */

/* Begin PBXFrameworksBuildPhase section */
		5BBFA585176205DF0061E8B5 /* Frameworks */ = {
			isa = PBXFrameworksBuildPhase;
			buildActionMask = 2147483647;
			files = (
				5B13C0BB1786DEE4001666F4 /* CoreGraphics.framework in Frameworks */,
				5B13C0BA1786DEDF001666F4 /* UIKit.framework in Frameworks */,
				5BBFA58C176205DF0061E8B5 /* Foundation.framework in Frameworks */,
			);
			runOnlyForDeploymentPostprocessing = 0;
		};
		5BBFA595176205DF0061E8B5 /* Frameworks */ = {
			isa = PBXFrameworksBuildPhase;
			buildActionMask = 2147483647;
			files = (
				5B13C0B91786DED0001666F4 /* CoreGraphics.framework in Frameworks */,
				5B13C0B71786DEB9001666F4 /* UIKit.framework in Frameworks */,
				5B13411217624043008F8F1E /* QuartzCore.framework in Frameworks */,
				5BBFA59B176205DF0061E8B5 /* SenTestingKit.framework in Frameworks */,
				5BBFA59E176205DF0061E8B5 /* Foundation.framework in Frameworks */,
				5BBFA5A1176205DF0061E8B5 /* libEssentials.a in Frameworks */,
			);
			runOnlyForDeploymentPostprocessing = 0;
		};
		5BFBABDC1844BAC300179483 /* Frameworks */ = {
			isa = PBXFrameworksBuildPhase;
			buildActionMask = 2147483647;
			files = (
				5BFBAC181844BD7F00179483 /* Foundation.framework in Frameworks */,
			);
			runOnlyForDeploymentPostprocessing = 0;
		};
/* End PBXFrameworksBuildPhase section */

/* Begin PBXGroup section */
		5B1340F9176222DF008F8F1E /* UIKit */ = {
			isa = PBXGroup;
			children = (
				5F906B4517709E9400097175 /* UIKit+Essentials.h */,
				5B6D1999177C45EE00FA2E3E /* UIKit+Essentials.m */,
				5B1340FA17622309008F8F1E /* UIAlertView+Essentials.h */,
				5B1340FB17622309008F8F1E /* UIAlertView+Essentials.m */,
				5B13410217622955008F8F1E /* UIActionSheet+Essentials.h */,
				5B13410317622955008F8F1E /* UIActionSheet+Essentials.m */,
				5B13410517622CA1008F8F1E /* UIColor+Essentials.h */,
				5B13410617622CA1008F8F1E /* UIColor+Essentials.m */,
				5B13410817622E0F008F8F1E /* UIDevice+Essentials.h */,
				5B13410917622E0F008F8F1E /* UIDevice+Essentials.m */,
				5B13410E1762401C008F8F1E /* UIImage+Essentials.h */,
				5B13410F1762401C008F8F1E /* UIImage+Essentials.m */,
				5B13411317624235008F8F1E /* UIScreen+Essentials.h */,
				5B13411417624235008F8F1E /* UIScreen+Essentials.m */,
				5B134116176243C2008F8F1E /* UIView+Essentials.h */,
				5B134117176243C2008F8F1E /* UIView+Essentials.m */,
				5FC56AAF177B3ACE00AB6A4A /* UIScrollView+Essentials.h */,
				5FC56AAE177B3ACE00AB6A4A /* UIScrollView+Essentials.m */,
				5B9E640317BBB9AF008CB772 /* NSShadow+Essentials.h */,
				5B9E640417BBB9AF008CB772 /* NSShadow+Essentials.m */,
				5B7A38BF17C39E5500C2F24C /* NSAttributedString+Essentials.h */,
				5B7A38C017C39E5500C2F24C /* NSAttributedString+Essentials.m */,
				5B7A38C217C3A43300C2F24C /* NSMutableAttributedString+Essentials.h */,
				5B7A38C317C3A43300C2F24C /* NSMutableAttributedString+Essentials.m */,
				5BF8385A17EF6DAA0054CC07 /* UITableView+Essentials.h */,
				5BF8385B17EF6DAA0054CC07 /* UITableView+Essentials.m */,
			);
			path = UIKit;
			sourceTree = "<group>";
		};
		5BBFA57F176205DF0061E8B5 = {
			isa = PBXGroup;
			children = (
				5BBFA590176205DF0061E8B5 /* Essentials.h */,
				5BBFA58D176205DF0061E8B5 /* Foundation */,
				5B1340F9176222DF008F8F1E /* UIKit */,
				5BBFA5A2176205DF0061E8B5 /* Tests */,
				5BBFA58A176205DF0061E8B5 /* Frameworks */,
				5BBFA589176205DF0061E8B5 /* Products */,
			);
			sourceTree = "<group>";
		};
		5BBFA589176205DF0061E8B5 /* Products */ = {
			isa = PBXGroup;
			children = (
				5BBFA588176205DF0061E8B5 /* libEssentials.a */,
				5BBFA599176205DF0061E8B5 /* EssentialsTests.octest */,
				5BFBABDF1844BAC300179483 /* libEssentialsOSX.a */,
			);
			name = Products;
			sourceTree = "<group>";
		};
		5BBFA58A176205DF0061E8B5 /* Frameworks */ = {
			isa = PBXGroup;
			children = (
				5BFBAC161844BD7300179483 /* iOS */,
				5BFBAC191844BD8200179483 /* OS X */,
			);
			name = Frameworks;
			sourceTree = "<group>";
		};
		5BBFA58D176205DF0061E8B5 /* Foundation */ = {
			isa = PBXGroup;
			children = (
				5F906B4417709E8700097175 /* Foundation+Essentials.h */,
				5B9E640D17BBC8A2008CB772 /* Foundation+Essentials.m */,
				5B1340FE176223DC008F8F1E /* NSObject+Essentials.h */,
				5B1340FF176223DC008F8F1E /* NSObject+Essentials.m */,
				5BBFA5B31762061F0061E8B5 /* NSString+Essentials.h */,
				5BBFA5B41762061F0061E8B5 /* NSString+Essentials.m */,
				5BBFA5BC176213B50061E8B5 /* NSArray+Essentials.h */,
				5BBFA5BD176213B50061E8B5 /* NSArray+Essentials.m */,
				5BBFA5BF176214D00061E8B5 /* NSMutableArray+Essentials.h */,
				5BBFA5C0176214D00061E8B5 /* NSMutableArray+Essentials.m */,
				5B13410B17623C53008F8F1E /* NSDictionary+Essentials.h */,
				5B13410C17623C53008F8F1E /* NSDictionary+Essentials.m */,
				5BE79BFA189BFCF0004A02B1 /* NSMutableDictionary+Essentials.h */,
				5BE79BFB189BFCF0004A02B1 /* NSMutableDictionary+Essentials.m */,
				5BBFA5CF17621E490061E8B5 /* NSError+Essentials.h */,
				5BBFA5D017621E490061E8B5 /* NSError+Essentials.m */,
				5B6D194E17749EC800FA2E3E /* NSNumber+Essentials.h */,
				5B6D194F17749EC800FA2E3E /* NSNumber+Essentials.m */,
				5BBFA5D217621EC30061E8B5 /* NSInvocation+Essentials.h */,
				5BBFA5D317621EC30061E8B5 /* NSInvocation+Essentials.m */,
				5BBFA5D517621F7A0061E8B5 /* NSOperationQueue+Essentials.h */,
				5BBFA5D617621F7A0061E8B5 /* NSOperationQueue+Essentials.m */,
				5B8A641C180AC74F00E0AEE8 /* NSDate+Essentials.h */,
				5B8A641D180AC74F00E0AEE8 /* NSDate+Essentials.m */,
				5B6C4999184F6A6C00C1D075 /* NSData+Essentials.h */,
				5B6C499A184F6A6C00C1D075 /* NSData+Essentials.m */,
				5BE79BFF189BFE69004A02B1 /* NSUUID+Essentials.h */,
				5BE79C00189BFE69004A02B1 /* NSUUID+Essentials.m */,
			);
			path = Foundation;
			sourceTree = "<group>";
		};
		5BBFA5A2176205DF0061E8B5 /* Tests */ = {
			isa = PBXGroup;
			children = (
				5BBFA5A4176205DF0061E8B5 /* EssentialsTests-Info.plist */,
				5BBFA5B717620B7F0061E8B5 /* NSStringEssentialsTest.h */,
				5BBFA5B817620B7F0061E8B5 /* NSStringEssentialsTest.m */,
			);
			path = Tests;
			sourceTree = "<group>";
		};
		5BFBAC161844BD7300179483 /* iOS */ = {
			isa = PBXGroup;
			children = (
				5B13C0B81786DED0001666F4 /* CoreGraphics.framework */,
				5B13411117624043008F8F1E /* QuartzCore.framework */,
				5BBFA58B176205DF0061E8B5 /* Foundation.framework */,
				5BBFA59A176205DF0061E8B5 /* SenTestingKit.framework */,
				5B13C0B61786DEB8001666F4 /* UIKit.framework */,
			);
			name = iOS;
			sourceTree = "<group>";
		};
		5BFBAC191844BD8200179483 /* OS X */ = {
			isa = PBXGroup;
			children = (
				5BFBAC171844BD7F00179483 /* Foundation.framework */,
			);
			name = "OS X";
			sourceTree = "<group>";
		};
/* End PBXGroup section */

/* Begin PBXHeadersBuildPhase section */
		5BFBABDD1844BAC300179483 /* Headers */ = {
			isa = PBXHeadersBuildPhase;
			buildActionMask = 2147483647;
			files = (
				5BE79BFC189BFCF0004A02B1 /* NSMutableDictionary+Essentials.h in Headers */,
				5B6C499B184F6A6C00C1D075 /* NSData+Essentials.h in Headers */,
				5BE79C01189BFE69004A02B1 /* NSUUID+Essentials.h in Headers */,
			);
			runOnlyForDeploymentPostprocessing = 0;
		};
/* End PBXHeadersBuildPhase section */

/* Begin PBXNativeTarget section */
		5BBFA587176205DF0061E8B5 /* Essentials */ = {
			isa = PBXNativeTarget;
			buildConfigurationList = 5BBFA5AD176205DF0061E8B5 /* Build configuration list for PBXNativeTarget "Essentials" */;
			buildPhases = (
				5BBFA584176205DF0061E8B5 /* Sources */,
				5BBFA585176205DF0061E8B5 /* Frameworks */,
				5BBFA586176205DF0061E8B5 /* CopyFiles */,
			);
			buildRules = (
			);
			dependencies = (
			);
			name = Essentials;
			productName = Essentials;
			productReference = 5BBFA588176205DF0061E8B5 /* libEssentials.a */;
			productType = "com.apple.product-type.library.static";
		};
		5BBFA598176205DF0061E8B5 /* EssentialsTests */ = {
			isa = PBXNativeTarget;
			buildConfigurationList = 5BBFA5B0176205DF0061E8B5 /* Build configuration list for PBXNativeTarget "EssentialsTests" */;
			buildPhases = (
				5BBFA594176205DF0061E8B5 /* Sources */,
				5BBFA595176205DF0061E8B5 /* Frameworks */,
				5BBFA596176205DF0061E8B5 /* Resources */,
				5BBFA597176205DF0061E8B5 /* ShellScript */,
			);
			buildRules = (
			);
			dependencies = (
				5BBFA5A0176205DF0061E8B5 /* PBXTargetDependency */,
			);
			name = EssentialsTests;
			productName = EssentialsTests;
			productReference = 5BBFA599176205DF0061E8B5 /* EssentialsTests.octest */;
			productType = "com.apple.product-type.bundle";
		};
		5BFBABDE1844BAC300179483 /* Essentials OS X */ = {
			isa = PBXNativeTarget;
			buildConfigurationList = 5BFBAC031844BAC300179483 /* Build configuration list for PBXNativeTarget "Essentials OS X" */;
			buildPhases = (
				5BFBABDB1844BAC300179483 /* Sources */,
				5BFBABDC1844BAC300179483 /* Frameworks */,
				5BFBABDD1844BAC300179483 /* Headers */,
			);
			buildRules = (
			);
			dependencies = (
			);
			name = "Essentials OS X";
			productName = "Foundation OS X";
			productReference = 5BFBABDF1844BAC300179483 /* libEssentialsOSX.a */;
			productType = "com.apple.product-type.library.static";
		};
/* End PBXNativeTarget section */

/* Begin PBXProject section */
		5BBFA580176205DF0061E8B5 /* Project object */ = {
			isa = PBXProject;
			attributes = {
				LastUpgradeCheck = 0510;
				ORGANIZATIONNAME = iAdverti;
			};
			buildConfigurationList = 5BBFA583176205DF0061E8B5 /* Build configuration list for PBXProject "Essentials" */;
			compatibilityVersion = "Xcode 3.2";
			developmentRegion = English;
			hasScannedForEncodings = 0;
			knownRegions = (
				en,
			);
			mainGroup = 5BBFA57F176205DF0061E8B5;
			productRefGroup = 5BBFA589176205DF0061E8B5 /* Products */;
			projectDirPath = "";
			projectRoot = "";
			targets = (
				5BBFA587176205DF0061E8B5 /* Essentials */,
				5BFBABDE1844BAC300179483 /* Essentials OS X */,
				5BBFA598176205DF0061E8B5 /* EssentialsTests */,
			);
		};
/* End PBXProject section */

/* Begin PBXResourcesBuildPhase section */
		5BBFA596176205DF0061E8B5 /* Resources */ = {
			isa = PBXResourcesBuildPhase;
			buildActionMask = 2147483647;
			files = (
			);
			runOnlyForDeploymentPostprocessing = 0;
		};
/* End PBXResourcesBuildPhase section */

/* Begin PBXShellScriptBuildPhase section */
		5BBFA597176205DF0061E8B5 /* ShellScript */ = {
			isa = PBXShellScriptBuildPhase;
			buildActionMask = 2147483647;
			files = (
			);
			inputPaths = (
			);
			outputPaths = (
			);
			runOnlyForDeploymentPostprocessing = 0;
			shellPath = /bin/sh;
			shellScript = "# Run the unit tests in this test bundle.\n\"${SYSTEM_DEVELOPER_DIR}/Tools/RunUnitTests\"\n";
		};
/* End PBXShellScriptBuildPhase section */

/* Begin PBXSourcesBuildPhase section */
		5BBFA584176205DF0061E8B5 /* Sources */ = {
			isa = PBXSourcesBuildPhase;
			buildActionMask = 2147483647;
			files = (
				5BBFA5B51762061F0061E8B5 /* NSString+Essentials.m in Sources */,
				5BF8385C17EF6DAA0054CC07 /* UITableView+Essentials.m in Sources */,
				5BBFA5BE176213B50061E8B5 /* NSArray+Essentials.m in Sources */,
				5B8A641E180AC74F00E0AEE8 /* NSDate+Essentials.m in Sources */,
				5BE79BFD189BFCF0004A02B1 /* NSMutableDictionary+Essentials.m in Sources */,
				5BBFA5C1176214D00061E8B5 /* NSMutableArray+Essentials.m in Sources */,
				5B9E640E17BBC8A2008CB772 /* Foundation+Essentials.m in Sources */,
				5BBFA5D117621E490061E8B5 /* NSError+Essentials.m in Sources */,
				5B6C499C184F6A6C00C1D075 /* NSData+Essentials.m in Sources */,
				5B7A38C417C3A43300C2F24C /* NSMutableAttributedString+Essentials.m in Sources */,
				5BBFA5D417621EC30061E8B5 /* NSInvocation+Essentials.m in Sources */,
				5BBFA5D717621F7A0061E8B5 /* NSOperationQueue+Essentials.m in Sources */,
				5B1340FC17622309008F8F1E /* UIAlertView+Essentials.m in Sources */,
				5B134100176223DC008F8F1E /* NSObject+Essentials.m in Sources */,
				5B13410417622955008F8F1E /* UIActionSheet+Essentials.m in Sources */,
				5B13410717622CA1008F8F1E /* UIColor+Essentials.m in Sources */,
				5B13410A17622E0F008F8F1E /* UIDevice+Essentials.m in Sources */,
				5BE79C02189BFE69004A02B1 /* NSUUID+Essentials.m in Sources */,
				5B13410D17623C53008F8F1E /* NSDictionary+Essentials.m in Sources */,
				5B1341101762401C008F8F1E /* UIImage+Essentials.m in Sources */,
				5B13411517624235008F8F1E /* UIScreen+Essentials.m in Sources */,
				5B7A38C117C39E5500C2F24C /* NSAttributedString+Essentials.m in Sources */,
				5B134118176243C2008F8F1E /* UIView+Essentials.m in Sources */,
				5B6D195017749EC900FA2E3E /* NSNumber+Essentials.m in Sources */,
				5FC56AB0177B3ACE00AB6A4A /* UIScrollView+Essentials.m in Sources */,
				5B6D199A177C465200FA2E3E /* UIKit+Essentials.m in Sources */,
				5B9E640517BBB9AF008CB772 /* NSShadow+Essentials.m in Sources */,
			);
			runOnlyForDeploymentPostprocessing = 0;
		};
		5BBFA594176205DF0061E8B5 /* Sources */ = {
			isa = PBXSourcesBuildPhase;
			buildActionMask = 2147483647;
			files = (
				5BBFA5B917620B7F0061E8B5 /* NSStringEssentialsTest.m in Sources */,
			);
			runOnlyForDeploymentPostprocessing = 0;
		};
		5BFBABDB1844BAC300179483 /* Sources */ = {
			isa = PBXSourcesBuildPhase;
			buildActionMask = 2147483647;
			files = (
				5BFBAC0C1844BB8900179483 /* NSNumber+Essentials.m in Sources */,
				5BFBAC061844BB8900179483 /* NSObject+Essentials.m in Sources */,
				5BFBAC081844BB8900179483 /* NSArray+Essentials.m in Sources */,
				5B6C499D184F6A6C00C1D075 /* NSData+Essentials.m in Sources */,
				5BE79BFE189BFCF0004A02B1 /* NSMutableDictionary+Essentials.m in Sources */,
				5BFBAC071844BB8900179483 /* NSString+Essentials.m in Sources */,
				5BFBAC0A1844BB8900179483 /* NSDictionary+Essentials.m in Sources */,
				5BFBAC0E1844BB8900179483 /* NSOperationQueue+Essentials.m in Sources */,
				5BE79C03189BFE69004A02B1 /* NSUUID+Essentials.m in Sources */,
				5BFBAC0D1844BB8900179483 /* NSInvocation+Essentials.m in Sources */,
				5BFBAC0F1844BB8900179483 /* NSDate+Essentials.m in Sources */,
				5BFBAC0B1844BB8900179483 /* NSError+Essentials.m in Sources */,
				5BFBAC051844BB8900179483 /* Foundation+Essentials.m in Sources */,
				5BFBAC091844BB8900179483 /* NSMutableArray+Essentials.m in Sources */,
			);
			runOnlyForDeploymentPostprocessing = 0;
		};
/* End PBXSourcesBuildPhase section */

/* Begin PBXTargetDependency section */
		5BBFA5A0176205DF0061E8B5 /* PBXTargetDependency */ = {
			isa = PBXTargetDependency;
			target = 5BBFA587176205DF0061E8B5 /* Essentials */;
			targetProxy = 5BBFA59F176205DF0061E8B5 /* PBXContainerItemProxy */;
		};
/* End PBXTargetDependency section */

/* Begin XCBuildConfiguration section */
		5BBFA5AB176205DF0061E8B5 /* Debug */ = {
			isa = XCBuildConfiguration;
			buildSettings = {
				ALWAYS_SEARCH_USER_PATHS = NO;
				CLANG_CXX_LANGUAGE_STANDARD = "gnu++0x";
				CLANG_CXX_LIBRARY = "libc++";
				CLANG_ENABLE_OBJC_ARC = YES;
				CLANG_WARN_CONSTANT_CONVERSION = YES;
				CLANG_WARN_EMPTY_BODY = YES;
				CLANG_WARN_ENUM_CONVERSION = YES;
				CLANG_WARN_INT_CONVERSION = YES;
				CLANG_WARN__DUPLICATE_METHOD_MATCH = YES;
				COPY_PHASE_STRIP = NO;
				GCC_C_LANGUAGE_STANDARD = gnu99;
				GCC_DYNAMIC_NO_PIC = NO;
				GCC_OPTIMIZATION_LEVEL = 0;
				GCC_PREPROCESSOR_DEFINITIONS = (
					"DEBUG=1",
					"$(inherited)",
				);
				GCC_SYMBOLS_PRIVATE_EXTERN = NO;
				GCC_WARN_ABOUT_RETURN_TYPE = YES;
				GCC_WARN_UNINITIALIZED_AUTOS = YES;
				GCC_WARN_UNUSED_VARIABLE = YES;
				IPHONEOS_DEPLOYMENT_TARGET = 6.1;
				ONLY_ACTIVE_ARCH = YES;
				SDKROOT = iphoneos;
			};
			name = Debug;
		};
		5BBFA5AC176205DF0061E8B5 /* Release */ = {
			isa = XCBuildConfiguration;
			buildSettings = {
				ALWAYS_SEARCH_USER_PATHS = NO;
				CLANG_CXX_LANGUAGE_STANDARD = "gnu++0x";
				CLANG_CXX_LIBRARY = "libc++";
				CLANG_ENABLE_OBJC_ARC = YES;
				CLANG_WARN_CONSTANT_CONVERSION = YES;
				CLANG_WARN_EMPTY_BODY = YES;
				CLANG_WARN_ENUM_CONVERSION = YES;
				CLANG_WARN_INT_CONVERSION = YES;
				CLANG_WARN__DUPLICATE_METHOD_MATCH = YES;
				COPY_PHASE_STRIP = YES;
				GCC_C_LANGUAGE_STANDARD = gnu99;
				GCC_WARN_ABOUT_RETURN_TYPE = YES;
				GCC_WARN_UNINITIALIZED_AUTOS = YES;
				GCC_WARN_UNUSED_VARIABLE = YES;
				IPHONEOS_DEPLOYMENT_TARGET = 6.1;
				SDKROOT = iphoneos;
				VALIDATE_PRODUCT = YES;
			};
			name = Release;
		};
		5BBFA5AE176205DF0061E8B5 /* Debug */ = {
			isa = XCBuildConfiguration;
			buildSettings = {
				DSTROOT = /tmp/Essentials.dst;
				GCC_PRECOMPILE_PREFIX_HEADER = NO;
				LIBRARY_SEARCH_PATHS = (
					"$(inherited)",
					"\"$(SDKROOT)/usr/lib/system\"",
				);
				OTHER_LDFLAGS = "-ObjC";
				PRODUCT_NAME = "$(TARGET_NAME)";
				SKIP_INSTALL = YES;
			};
			name = Debug;
		};
		5BBFA5AF176205DF0061E8B5 /* Release */ = {
			isa = XCBuildConfiguration;
			buildSettings = {
				DSTROOT = /tmp/Essentials.dst;
				GCC_PRECOMPILE_PREFIX_HEADER = NO;
				LIBRARY_SEARCH_PATHS = (
					"$(inherited)",
					"\"$(SDKROOT)/usr/lib/system\"",
				);
				OTHER_LDFLAGS = "-ObjC";
				PRODUCT_NAME = "$(TARGET_NAME)";
				SKIP_INSTALL = YES;
			};
			name = Release;
		};
		5BBFA5B1176205DF0061E8B5 /* Debug */ = {
			isa = XCBuildConfiguration;
			buildSettings = {
				FRAMEWORK_SEARCH_PATHS = (
					"\"$(SDKROOT)/Developer/Library/Frameworks\"",
					"\"$(DEVELOPER_LIBRARY_DIR)/Frameworks\"",
				);
				GCC_PRECOMPILE_PREFIX_HEADER = YES;
				INFOPLIST_FILE = "Tests/EssentialsTests-Info.plist";
				OTHER_LDFLAGS = "-ObjC";
				PRODUCT_NAME = "$(TARGET_NAME)";
				WRAPPER_EXTENSION = octest;
			};
			name = Debug;
		};
		5BBFA5B2176205DF0061E8B5 /* Release */ = {
			isa = XCBuildConfiguration;
			buildSettings = {
				FRAMEWORK_SEARCH_PATHS = (
					"\"$(SDKROOT)/Developer/Library/Frameworks\"",
					"\"$(DEVELOPER_LIBRARY_DIR)/Frameworks\"",
				);
				GCC_PRECOMPILE_PREFIX_HEADER = YES;
				INFOPLIST_FILE = "Tests/EssentialsTests-Info.plist";
				OTHER_LDFLAGS = "-ObjC";
				PRODUCT_NAME = "$(TARGET_NAME)";
				WRAPPER_EXTENSION = octest;
			};
			name = Release;
		};
		5BFBABFF1844BAC300179483 /* Debug */ = {
			isa = XCBuildConfiguration;
			buildSettings = {
				CLANG_WARN_BOOL_CONVERSION = YES;
				CLANG_WARN_DIRECT_OBJC_ISA_USAGE = YES_ERROR;
				CLANG_WARN_OBJC_ROOT_CLASS = YES_ERROR;
				FRAMEWORK_SEARCH_PATHS = (
					"$(inherited)",
					"$(DEVELOPER_FRAMEWORKS_DIR)",
				);
				GCC_ENABLE_OBJC_EXCEPTIONS = YES;
				GCC_PREPROCESSOR_DEFINITIONS = (
					"DEBUG=1",
					"$(inherited)",
				);
				GCC_WARN_64_TO_32_BIT_CONVERSION = YES;
				GCC_WARN_ABOUT_RETURN_TYPE = YES_ERROR;
				GCC_WARN_UNDECLARED_SELECTOR = YES;
				GCC_WARN_UNUSED_FUNCTION = YES;
				MACOSX_DEPLOYMENT_TARGET = 10.9;
				PRODUCT_NAME = EssentialsOSX;
				SDKROOT = macosx;
			};
			name = Debug;
		};
		5BFBAC001844BAC300179483 /* Release */ = {
			isa = XCBuildConfiguration;
			buildSettings = {
				CLANG_WARN_BOOL_CONVERSION = YES;
				CLANG_WARN_DIRECT_OBJC_ISA_USAGE = YES_ERROR;
				CLANG_WARN_OBJC_ROOT_CLASS = YES_ERROR;
				DEBUG_INFORMATION_FORMAT = "dwarf-with-dsym";
				ENABLE_NS_ASSERTIONS = NO;
				FRAMEWORK_SEARCH_PATHS = (
					"$(inherited)",
					"$(DEVELOPER_FRAMEWORKS_DIR)",
				);
				GCC_ENABLE_OBJC_EXCEPTIONS = YES;
				GCC_WARN_64_TO_32_BIT_CONVERSION = YES;
				GCC_WARN_ABOUT_RETURN_TYPE = YES_ERROR;
				GCC_WARN_UNDECLARED_SELECTOR = YES;
				GCC_WARN_UNUSED_FUNCTION = YES;
				MACOSX_DEPLOYMENT_TARGET = 10.9;
				PRODUCT_NAME = EssentialsOSX;
				SDKROOT = macosx;
			};
			name = Release;
		};
/* End XCBuildConfiguration section */

/* Begin XCConfigurationList section */
		5BBFA583176205DF0061E8B5 /* Build configuration list for PBXProject "Essentials" */ = {
			isa = XCConfigurationList;
			buildConfigurations = (
				5BBFA5AB176205DF0061E8B5 /* Debug */,
				5BBFA5AC176205DF0061E8B5 /* Release */,
			);
			defaultConfigurationIsVisible = 0;
			defaultConfigurationName = Release;
		};
		5BBFA5AD176205DF0061E8B5 /* Build configuration list for PBXNativeTarget "Essentials" */ = {
			isa = XCConfigurationList;
			buildConfigurations = (
				5BBFA5AE176205DF0061E8B5 /* Debug */,
				5BBFA5AF176205DF0061E8B5 /* Release */,
			);
			defaultConfigurationIsVisible = 0;
			defaultConfigurationName = Release;
		};
		5BBFA5B0176205DF0061E8B5 /* Build configuration list for PBXNativeTarget "EssentialsTests" */ = {
			isa = XCConfigurationList;
			buildConfigurations = (
				5BBFA5B1176205DF0061E8B5 /* Debug */,
				5BBFA5B2176205DF0061E8B5 /* Release */,
			);
			defaultConfigurationIsVisible = 0;
			defaultConfigurationName = Release;
		};
		5BFBAC031844BAC300179483 /* Build configuration list for PBXNativeTarget "Essentials OS X" */ = {
			isa = XCConfigurationList;
			buildConfigurations = (
				5BFBABFF1844BAC300179483 /* Debug */,
				5BFBAC001844BAC300179483 /* Release */,
			);
			defaultConfigurationIsVisible = 0;
			defaultConfigurationName = Release;
		};
/* End XCConfigurationList section */
	};
	rootObject = 5BBFA580176205DF0061E8B5 /* Project object */;
}
