// !$*UTF8*$!
{
	archiveVersion = 1;
	classes = {
	};
	objectVersion = 46;
	objects = {

/* Begin PBXBuildFile section */
		5B0C58721EDDCA7500DFE420 /* NSFileManager+Essentials.m in Sources */ = {isa = PBXBuildFile; fileRef = 5B0C58711EDDCA7500DFE420 /* NSFileManager+Essentials.m */; };
		5B0C58D61EE29FD100DFE420 /* jDateFormat.h in Headers */ = {isa = PBXBuildFile; fileRef = 5B0C58D31EE29FD100DFE420 /* jDateFormat.h */; };
		5B134100176223DC008F8F1E /* NSObject+Essentials.m in Sources */ = {isa = PBXBuildFile; fileRef = 5B1340FF176223DC008F8F1E /* NSObject+Essentials.m */; };
		5B13410717622CA1008F8F1E /* UIColor+Essentials.m in Sources */ = {isa = PBXBuildFile; fileRef = 5B13410617622CA1008F8F1E /* UIColor+Essentials.m */; };
		5B13410A17622E0F008F8F1E /* UIDevice+Essentials.m in Sources */ = {isa = PBXBuildFile; fileRef = 5B13410917622E0F008F8F1E /* UIDevice+Essentials.m */; };
		5B13410D17623C53008F8F1E /* NSDictionary+Essentials.m in Sources */ = {isa = PBXBuildFile; fileRef = 5B13410C17623C53008F8F1E /* NSDictionary+Essentials.m */; };
		5B1341101762401C008F8F1E /* UIImage+Essentials.m in Sources */ = {isa = PBXBuildFile; fileRef = 5B13410F1762401C008F8F1E /* UIImage+Essentials.m */; };
		5B13411517624235008F8F1E /* UIScreen+Essentials.m in Sources */ = {isa = PBXBuildFile; fileRef = 5B13411417624235008F8F1E /* UIScreen+Essentials.m */; };
		5B134118176243C2008F8F1E /* UIView+Essentials.m in Sources */ = {isa = PBXBuildFile; fileRef = 5B134117176243C2008F8F1E /* UIView+Essentials.m */; };
		5B13C0BA1786DEDF001666F4 /* UIKit.framework in Frameworks */ = {isa = PBXBuildFile; fileRef = 5B13C0B61786DEB8001666F4 /* UIKit.framework */; };
		5B13C0BB1786DEE4001666F4 /* CoreGraphics.framework in Frameworks */ = {isa = PBXBuildFile; fileRef = 5B13C0B81786DED0001666F4 /* CoreGraphics.framework */; };
		5B1725C11AC4465300832083 /* ESSCatch.h in Headers */ = {isa = PBXBuildFile; fileRef = 5B1725BF1AC4465300832083 /* ESSCatch.h */; };
		5B1725C21AC4465300832083 /* ESSCatch.m in Sources */ = {isa = PBXBuildFile; fileRef = 5B1725C01AC4465300832083 /* ESSCatch.m */; };
		5B1725C31AC4465300832083 /* ESSCatch.m in Sources */ = {isa = PBXBuildFile; fileRef = 5B1725C01AC4465300832083 /* ESSCatch.m */; };
		5B1984EA1AEFC8D4006A6798 /* UIApplication+Essentials.m in Sources */ = {isa = PBXBuildFile; fileRef = 5B1984E91AEFC8D4006A6798 /* UIApplication+Essentials.m */; };
		5B1E48B41AF67107007941E1 /* ESSDrawView.m in Sources */ = {isa = PBXBuildFile; fileRef = 5B1E48B31AF67107007941E1 /* ESSDrawView.m */; };
		5B1EDF9D1ED00EF300DA9837 /* UIButton+Essentials.m in Sources */ = {isa = PBXBuildFile; fileRef = 5B1EDF9C1ED00EF300DA9837 /* UIButton+Essentials.m */; };
		5B22FCD01BD95A9400CBA87B /* NSMutableSet+Essentials.h in Headers */ = {isa = PBXBuildFile; fileRef = 5B22FCCE1BD95A9400CBA87B /* NSMutableSet+Essentials.h */; };
		5B22FCD11BD95A9400CBA87B /* NSMutableSet+Essentials.m in Sources */ = {isa = PBXBuildFile; fileRef = 5B22FCCF1BD95A9400CBA87B /* NSMutableSet+Essentials.m */; };
		5B22FCD21BD95A9400CBA87B /* NSMutableSet+Essentials.m in Sources */ = {isa = PBXBuildFile; fileRef = 5B22FCCF1BD95A9400CBA87B /* NSMutableSet+Essentials.m */; };
		5B2A32C31923AA05008E5B36 /* UIFont+Essentials.m in Sources */ = {isa = PBXBuildFile; fileRef = 5B2A32C21923AA05008E5B36 /* UIFont+Essentials.m */; };
		5B3379AE19F299D600CBE28C /* ESSLog.h in Headers */ = {isa = PBXBuildFile; fileRef = 5B3379AC19F299D600CBE28C /* ESSLog.h */; };
		5B3379AF19F299D600CBE28C /* ESSLog.m in Sources */ = {isa = PBXBuildFile; fileRef = 5B3379AD19F299D600CBE28C /* ESSLog.m */; };
		5B3379B019F299D600CBE28C /* ESSLog.m in Sources */ = {isa = PBXBuildFile; fileRef = 5B3379AD19F299D600CBE28C /* ESSLog.m */; };
		5B3A0A471A6160E600B7B55C /* UIBezierPath+Essentials.m in Sources */ = {isa = PBXBuildFile; fileRef = 5B3A0A461A6160E600B7B55C /* UIBezierPath+Essentials.m */; };
		5B50779F1C3E518F004F6745 /* NSMapTable+Essentials.h in Headers */ = {isa = PBXBuildFile; fileRef = 5B50779D1C3E518F004F6745 /* NSMapTable+Essentials.h */; };
		5B5077A01C3E518F004F6745 /* NSMapTable+Essentials.m in Sources */ = {isa = PBXBuildFile; fileRef = 5B50779E1C3E518F004F6745 /* NSMapTable+Essentials.m */; };
		5B5077A11C3E518F004F6745 /* NSMapTable+Essentials.m in Sources */ = {isa = PBXBuildFile; fileRef = 5B50779E1C3E518F004F6745 /* NSMapTable+Essentials.m */; };
		5B61075919E52E930071B547 /* NSLocale+Essentials.h in Headers */ = {isa = PBXBuildFile; fileRef = 5B61075719E52E930071B547 /* NSLocale+Essentials.h */; };
		5B61075A19E52E930071B547 /* NSLocale+Essentials.m in Sources */ = {isa = PBXBuildFile; fileRef = 5B61075819E52E930071B547 /* NSLocale+Essentials.m */; };
		5B61075B19E52E930071B547 /* NSLocale+Essentials.m in Sources */ = {isa = PBXBuildFile; fileRef = 5B61075819E52E930071B547 /* NSLocale+Essentials.m */; };
		5B61079319E67A6B0071B547 /* NSURLSession+Essentials.h in Headers */ = {isa = PBXBuildFile; fileRef = 5B61079119E67A6B0071B547 /* NSURLSession+Essentials.h */; };
		5B61079419E67A6B0071B547 /* NSURLSession+Essentials.m in Sources */ = {isa = PBXBuildFile; fileRef = 5B61079219E67A6B0071B547 /* NSURLSession+Essentials.m */; };
		5B61079519E67A6B0071B547 /* NSURLSession+Essentials.m in Sources */ = {isa = PBXBuildFile; fileRef = 5B61079219E67A6B0071B547 /* NSURLSession+Essentials.m */; };
		5B61079819E6A5A00071B547 /* ESSURLResponse.h in Headers */ = {isa = PBXBuildFile; fileRef = 5B61079619E6A5A00071B547 /* ESSURLResponse.h */; };
		5B61079919E6A5A00071B547 /* ESSURLResponse.m in Sources */ = {isa = PBXBuildFile; fileRef = 5B61079719E6A5A00071B547 /* ESSURLResponse.m */; };
		5B61079A19E6A5A00071B547 /* ESSURLResponse.m in Sources */ = {isa = PBXBuildFile; fileRef = 5B61079719E6A5A00071B547 /* ESSURLResponse.m */; };
		5B61079D19E6A7FB0071B547 /* NSURLRequest+Essentials.h in Headers */ = {isa = PBXBuildFile; fileRef = 5B61079B19E6A7FB0071B547 /* NSURLRequest+Essentials.h */; };
		5B61079E19E6A7FB0071B547 /* NSURLRequest+Essentials.m in Sources */ = {isa = PBXBuildFile; fileRef = 5B61079C19E6A7FB0071B547 /* NSURLRequest+Essentials.m */; };
		5B61079F19E6A7FB0071B547 /* NSURLRequest+Essentials.m in Sources */ = {isa = PBXBuildFile; fileRef = 5B61079C19E6A7FB0071B547 /* NSURLRequest+Essentials.m */; };
		5B6C499B184F6A6C00C1D075 /* NSData+Essentials.h in Headers */ = {isa = PBXBuildFile; fileRef = 5B6C4999184F6A6C00C1D075 /* NSData+Essentials.h */; };
		5B6C499C184F6A6C00C1D075 /* NSData+Essentials.m in Sources */ = {isa = PBXBuildFile; fileRef = 5B6C499A184F6A6C00C1D075 /* NSData+Essentials.m */; };
		5B6C499D184F6A6C00C1D075 /* NSData+Essentials.m in Sources */ = {isa = PBXBuildFile; fileRef = 5B6C499A184F6A6C00C1D075 /* NSData+Essentials.m */; };
		5B6D195017749EC900FA2E3E /* NSNumber+Essentials.m in Sources */ = {isa = PBXBuildFile; fileRef = 5B6D194F17749EC800FA2E3E /* NSNumber+Essentials.m */; };
		5B6D199A177C465200FA2E3E /* UIKit+Essentials.m in Sources */ = {isa = PBXBuildFile; fileRef = 5B6D1999177C45EE00FA2E3E /* UIKit+Essentials.m */; };
		5B7493EB1EBE496900A96210 /* ESSEvent.h in Headers */ = {isa = PBXBuildFile; fileRef = 5B7493E91EBE496900A96210 /* ESSEvent.h */; };
		5B7493EC1EBE496900A96210 /* ESSEvent.m in Sources */ = {isa = PBXBuildFile; fileRef = 5B7493EA1EBE496900A96210 /* ESSEvent.m */; };
		5B7493ED1EBE496900A96210 /* ESSEvent.m in Sources */ = {isa = PBXBuildFile; fileRef = 5B7493EA1EBE496900A96210 /* ESSEvent.m */; };
		5B74A63819D45F5B00B04E07 /* ESSProxy.h in Headers */ = {isa = PBXBuildFile; fileRef = 5B74A63619D45F5B00B04E07 /* ESSProxy.h */; };
		5B74A63919D45F5B00B04E07 /* ESSProxy.m in Sources */ = {isa = PBXBuildFile; fileRef = 5B74A63719D45F5B00B04E07 /* ESSProxy.m */; };
		5B74A63A19D45F5B00B04E07 /* ESSProxy.m in Sources */ = {isa = PBXBuildFile; fileRef = 5B74A63719D45F5B00B04E07 /* ESSProxy.m */; };
		5B79EA521A98E2670031ED59 /* NSCoder+Essentials.h in Headers */ = {isa = PBXBuildFile; fileRef = 5B79EA501A98E2670031ED59 /* NSCoder+Essentials.h */; };
		5B79EA531A98E2670031ED59 /* NSCoder+Essentials.m in Sources */ = {isa = PBXBuildFile; fileRef = 5B79EA511A98E2670031ED59 /* NSCoder+Essentials.m */; };
		5B79EA541A98E2670031ED59 /* NSCoder+Essentials.m in Sources */ = {isa = PBXBuildFile; fileRef = 5B79EA511A98E2670031ED59 /* NSCoder+Essentials.m */; };
		5B79EA571A98F5400031ED59 /* NSValue+Essentials.h in Headers */ = {isa = PBXBuildFile; fileRef = 5B79EA551A98F5400031ED59 /* NSValue+Essentials.h */; };
		5B79EA581A98F5400031ED59 /* NSValue+Essentials.m in Sources */ = {isa = PBXBuildFile; fileRef = 5B79EA561A98F5400031ED59 /* NSValue+Essentials.m */; };
		5B79EA591A98F5400031ED59 /* NSValue+Essentials.m in Sources */ = {isa = PBXBuildFile; fileRef = 5B79EA561A98F5400031ED59 /* NSValue+Essentials.m */; };
		5B7A38C117C39E5500C2F24C /* NSAttributedString+Essentials.m in Sources */ = {isa = PBXBuildFile; fileRef = 5B7A38C017C39E5500C2F24C /* NSAttributedString+Essentials.m */; };
		5B7A38C417C3A43300C2F24C /* NSMutableAttributedString+Essentials.m in Sources */ = {isa = PBXBuildFile; fileRef = 5B7A38C317C3A43300C2F24C /* NSMutableAttributedString+Essentials.m */; };
		5B8A641E180AC74F00E0AEE8 /* NSDate+Essentials.m in Sources */ = {isa = PBXBuildFile; fileRef = 5B8A641D180AC74F00E0AEE8 /* NSDate+Essentials.m */; };
		5B8B95041EBF5D64001E7097 /* JSON.h in Headers */ = {isa = PBXBuildFile; fileRef = 5B8B95021EBF5D64001E7097 /* JSON.h */; };
		5B8B95051EBF5D64001E7097 /* JSON.m in Sources */ = {isa = PBXBuildFile; fileRef = 5B8B95031EBF5D64001E7097 /* JSON.m */; };
		5B8B95061EBF5D64001E7097 /* JSON.m in Sources */ = {isa = PBXBuildFile; fileRef = 5B8B95031EBF5D64001E7097 /* JSON.m */; };
		5B9E640517BBB9AF008CB772 /* NSShadow+Essentials.m in Sources */ = {isa = PBXBuildFile; fileRef = 5B9E640417BBB9AF008CB772 /* NSShadow+Essentials.m */; };
		5B9E640E17BBC8A2008CB772 /* Foundation+Essentials.m in Sources */ = {isa = PBXBuildFile; fileRef = 5B9E640D17BBC8A2008CB772 /* Foundation+Essentials.m */; };
		5BAC18071CA69CEB00533C1E /* NSCharacterSet+Essentials.h in Headers */ = {isa = PBXBuildFile; fileRef = 5BAC18051CA69CEB00533C1E /* NSCharacterSet+Essentials.h */; };
		5BAC18081CA69CEB00533C1E /* NSCharacterSet+Essentials.m in Sources */ = {isa = PBXBuildFile; fileRef = 5BAC18061CA69CEB00533C1E /* NSCharacterSet+Essentials.m */; };
		5BAC18091CA69CEB00533C1E /* NSCharacterSet+Essentials.m in Sources */ = {isa = PBXBuildFile; fileRef = 5BAC18061CA69CEB00533C1E /* NSCharacterSet+Essentials.m */; };
		5BB485D51A161C3900AB82BE /* UIBarButtonItem+Essentials.m in Sources */ = {isa = PBXBuildFile; fileRef = 5BB485D41A161C3900AB82BE /* UIBarButtonItem+Essentials.m */; };
		5BBF9A761C6F9A15007B24FC /* NSDateFormatter+Essentials.h in Headers */ = {isa = PBXBuildFile; fileRef = 5BBF9A741C6F9A15007B24FC /* NSDateFormatter+Essentials.h */; };
		5BBF9A771C6F9A15007B24FC /* NSDateFormatter+Essentials.m in Sources */ = {isa = PBXBuildFile; fileRef = 5BBF9A751C6F9A15007B24FC /* NSDateFormatter+Essentials.m */; };
		5BBF9A781C6F9A15007B24FC /* NSDateFormatter+Essentials.m in Sources */ = {isa = PBXBuildFile; fileRef = 5BBF9A751C6F9A15007B24FC /* NSDateFormatter+Essentials.m */; };
		5BBFA58C176205DF0061E8B5 /* Foundation.framework in Frameworks */ = {isa = PBXBuildFile; fileRef = 5BBFA58B176205DF0061E8B5 /* Foundation.framework */; };
		5BBFA5B51762061F0061E8B5 /* NSString+Essentials.m in Sources */ = {isa = PBXBuildFile; fileRef = 5BBFA5B41762061F0061E8B5 /* NSString+Essentials.m */; };
		5BBFA5BE176213B50061E8B5 /* NSArray+Essentials.m in Sources */ = {isa = PBXBuildFile; fileRef = 5BBFA5BD176213B50061E8B5 /* NSArray+Essentials.m */; };
		5BBFA5C1176214D00061E8B5 /* NSMutableArray+Essentials.m in Sources */ = {isa = PBXBuildFile; fileRef = 5BBFA5C0176214D00061E8B5 /* NSMutableArray+Essentials.m */; };
		5BBFA5D117621E490061E8B5 /* NSError+Essentials.m in Sources */ = {isa = PBXBuildFile; fileRef = 5BBFA5D017621E490061E8B5 /* NSError+Essentials.m */; };
		5BBFA5D417621EC30061E8B5 /* NSInvocation+Essentials.m in Sources */ = {isa = PBXBuildFile; fileRef = 5BBFA5D317621EC30061E8B5 /* NSInvocation+Essentials.m */; };
		5BBFA5D717621F7A0061E8B5 /* NSOperationQueue+Essentials.m in Sources */ = {isa = PBXBuildFile; fileRef = 5BBFA5D617621F7A0061E8B5 /* NSOperationQueue+Essentials.m */; };
		5BCA600C1B2197D100EFB683 /* UIAlertController+Essentials.m in Sources */ = {isa = PBXBuildFile; fileRef = 5BCA600B1B2197D100EFB683 /* UIAlertController+Essentials.m */; };
		5BD8A63A1AACB42400B0C398 /* UIViewController+Essentials.m in Sources */ = {isa = PBXBuildFile; fileRef = 5BD8A6391AACB42400B0C398 /* UIViewController+Essentials.m */; };
		5BE0A30F1BD384CB006BDA45 /* NSBundle+Essentials.h in Headers */ = {isa = PBXBuildFile; fileRef = 5BE0A30D1BD384CB006BDA45 /* NSBundle+Essentials.h */; };
		5BE0A3101BD384CB006BDA45 /* NSBundle+Essentials.m in Sources */ = {isa = PBXBuildFile; fileRef = 5BE0A30E1BD384CB006BDA45 /* NSBundle+Essentials.m */; };
		5BE0A3111BD384CB006BDA45 /* NSBundle+Essentials.m in Sources */ = {isa = PBXBuildFile; fileRef = 5BE0A30E1BD384CB006BDA45 /* NSBundle+Essentials.m */; };
		5BE32D6719BB4D77002605B3 /* CIContext+Essentials.m in Sources */ = {isa = PBXBuildFile; fileRef = 5BE32D6319BB4D77002605B3 /* CIContext+Essentials.m */; };
		5BE32D6A19BB4D77002605B3 /* CIFilter+Essentials.m in Sources */ = {isa = PBXBuildFile; fileRef = 5BE32D6519BB4D77002605B3 /* CIFilter+Essentials.m */; };
		5BE4752918F8342400C428CB /* NSSortDescriptor+Essentials.h in Headers */ = {isa = PBXBuildFile; fileRef = 5BE4752718F8342400C428CB /* NSSortDescriptor+Essentials.h */; };
		5BE4752A18F8342400C428CB /* NSSortDescriptor+Essentials.m in Sources */ = {isa = PBXBuildFile; fileRef = 5BE4752818F8342400C428CB /* NSSortDescriptor+Essentials.m */; };
		5BE4752B18F8342400C428CB /* NSSortDescriptor+Essentials.m in Sources */ = {isa = PBXBuildFile; fileRef = 5BE4752818F8342400C428CB /* NSSortDescriptor+Essentials.m */; };
		5BE79BFC189BFCF0004A02B1 /* NSMutableDictionary+Essentials.h in Headers */ = {isa = PBXBuildFile; fileRef = 5BE79BFA189BFCF0004A02B1 /* NSMutableDictionary+Essentials.h */; };
		5BE79BFD189BFCF0004A02B1 /* NSMutableDictionary+Essentials.m in Sources */ = {isa = PBXBuildFile; fileRef = 5BE79BFB189BFCF0004A02B1 /* NSMutableDictionary+Essentials.m */; };
		5BE79BFE189BFCF0004A02B1 /* NSMutableDictionary+Essentials.m in Sources */ = {isa = PBXBuildFile; fileRef = 5BE79BFB189BFCF0004A02B1 /* NSMutableDictionary+Essentials.m */; };
		5BE79C01189BFE69004A02B1 /* NSUUID+Essentials.h in Headers */ = {isa = PBXBuildFile; fileRef = 5BE79BFF189BFE69004A02B1 /* NSUUID+Essentials.h */; };
		5BE79C02189BFE69004A02B1 /* NSUUID+Essentials.m in Sources */ = {isa = PBXBuildFile; fileRef = 5BE79C00189BFE69004A02B1 /* NSUUID+Essentials.m */; };
		5BE79C03189BFE69004A02B1 /* NSUUID+Essentials.m in Sources */ = {isa = PBXBuildFile; fileRef = 5BE79C00189BFE69004A02B1 /* NSUUID+Essentials.m */; };
		5BE8AABE19702FC300F0B09A /* NSIndexPath+Essentials.m in Sources */ = {isa = PBXBuildFile; fileRef = 5BE8AABD19702FC300F0B09A /* NSIndexPath+Essentials.m */; };
		5BE8AABF19702FD000F0B09A /* NSIndexPath+Essentials.m in Sources */ = {isa = PBXBuildFile; fileRef = 5BE8AABD19702FC300F0B09A /* NSIndexPath+Essentials.m */; };
		5BF8385C17EF6DAA0054CC07 /* UITableView+Essentials.m in Sources */ = {isa = PBXBuildFile; fileRef = 5BF8385B17EF6DAA0054CC07 /* UITableView+Essentials.m */; };
		5BFBAC051844BB8900179483 /* Foundation+Essentials.m in Sources */ = {isa = PBXBuildFile; fileRef = 5B9E640D17BBC8A2008CB772 /* Foundation+Essentials.m */; };
		5BFBAC061844BB8900179483 /* NSObject+Essentials.m in Sources */ = {isa = PBXBuildFile; fileRef = 5B1340FF176223DC008F8F1E /* NSObject+Essentials.m */; };
		5BFBAC071844BB8900179483 /* NSString+Essentials.m in Sources */ = {isa = PBXBuildFile; fileRef = 5BBFA5B41762061F0061E8B5 /* NSString+Essentials.m */; };
		5BFBAC081844BB8900179483 /* NSArray+Essentials.m in Sources */ = {isa = PBXBuildFile; fileRef = 5BBFA5BD176213B50061E8B5 /* NSArray+Essentials.m */; };
		5BFBAC091844BB8900179483 /* NSMutableArray+Essentials.m in Sources */ = {isa = PBXBuildFile; fileRef = 5BBFA5C0176214D00061E8B5 /* NSMutableArray+Essentials.m */; };
		5BFBAC0A1844BB8900179483 /* NSDictionary+Essentials.m in Sources */ = {isa = PBXBuildFile; fileRef = 5B13410C17623C53008F8F1E /* NSDictionary+Essentials.m */; };
		5BFBAC0B1844BB8900179483 /* NSError+Essentials.m in Sources */ = {isa = PBXBuildFile; fileRef = 5BBFA5D017621E490061E8B5 /* NSError+Essentials.m */; };
		5BFBAC0C1844BB8900179483 /* NSNumber+Essentials.m in Sources */ = {isa = PBXBuildFile; fileRef = 5B6D194F17749EC800FA2E3E /* NSNumber+Essentials.m */; };
		5BFBAC0D1844BB8900179483 /* NSInvocation+Essentials.m in Sources */ = {isa = PBXBuildFile; fileRef = 5BBFA5D317621EC30061E8B5 /* NSInvocation+Essentials.m */; };
		5BFBAC0E1844BB8900179483 /* NSOperationQueue+Essentials.m in Sources */ = {isa = PBXBuildFile; fileRef = 5BBFA5D617621F7A0061E8B5 /* NSOperationQueue+Essentials.m */; };
		5BFBAC0F1844BB8900179483 /* NSDate+Essentials.m in Sources */ = {isa = PBXBuildFile; fileRef = 5B8A641D180AC74F00E0AEE8 /* NSDate+Essentials.m */; };
		5BFBAC181844BD7F00179483 /* Foundation.framework in Frameworks */ = {isa = PBXBuildFile; fileRef = 5BFBAC171844BD7F00179483 /* Foundation.framework */; };
		5BFDDE3C19D95F0900AF28D7 /* NSTimer+Essentials.h in Headers */ = {isa = PBXBuildFile; fileRef = 5BFDDE3A19D95F0900AF28D7 /* NSTimer+Essentials.h */; };
		5BFDDE3D19D95F0900AF28D7 /* NSTimer+Essentials.m in Sources */ = {isa = PBXBuildFile; fileRef = 5BFDDE3B19D95F0900AF28D7 /* NSTimer+Essentials.m */; };
		5BFDDE3E19D95F0900AF28D7 /* NSTimer+Essentials.m in Sources */ = {isa = PBXBuildFile; fileRef = 5BFDDE3B19D95F0900AF28D7 /* NSTimer+Essentials.m */; };
		5FC56AB0177B3ACE00AB6A4A /* UIScrollView+Essentials.m in Sources */ = {isa = PBXBuildFile; fileRef = 5FC56AAE177B3ACE00AB6A4A /* UIScrollView+Essentials.m */; };
/* End PBXBuildFile section */

/* Begin PBXContainerItemProxy section */
		5B0C58C71EE29DDF00DFE420 /* PBXContainerItemProxy */ = {
			isa = PBXContainerItemProxy;
			containerPortal = 5B0C58C31EE29DDF00DFE420 /* Typed.xcodeproj */;
			proxyType = 2;
			remoteGlobalIDString = 5BDA3FD21A023EEB00B3F9E0;
			remoteInfo = Test;
		};
/* End PBXContainerItemProxy section */

/* Begin PBXCopyFilesBuildPhase section */
		5BBFA586176205DF0061E8B5 /* CopyFiles */ = {
			isa = PBXCopyFilesBuildPhase;
			buildActionMask = 2147483647;
			dstPath = "include/${PRODUCT_NAME}";
			dstSubfolderSpec = 16;
			files = (
			);
			runOnlyForDeploymentPostprocessing = 0;
		};
/* End PBXCopyFilesBuildPhase section */

/* Begin PBXFileReference section */
		5B0C58701EDDCA7500DFE420 /* NSFileManager+Essentials.h */ = {isa = PBXFileReference; fileEncoding = 4; lastKnownFileType = sourcecode.c.h; path = "NSFileManager+Essentials.h"; sourceTree = "<group>"; };
		5B0C58711EDDCA7500DFE420 /* NSFileManager+Essentials.m */ = {isa = PBXFileReference; fileEncoding = 4; lastKnownFileType = sourcecode.c.objc; path = "NSFileManager+Essentials.m"; sourceTree = "<group>"; };
		5B0C58C31EE29DDF00DFE420 /* Typed.xcodeproj */ = {isa = PBXFileReference; lastKnownFileType = "wrapper.pb-project"; name = Typed.xcodeproj; path = Typed/Typed.xcodeproj; sourceTree = "<group>"; };
		5B0C58D31EE29FD100DFE420 /* jDateFormat.h */ = {isa = PBXFileReference; fileEncoding = 4; lastKnownFileType = sourcecode.c.h; path = jDateFormat.h; sourceTree = "<group>"; };
		5B1340FE176223DC008F8F1E /* NSObject+Essentials.h */ = {isa = PBXFileReference; fileEncoding = 4; lastKnownFileType = sourcecode.c.h; path = "NSObject+Essentials.h"; sourceTree = "<group>"; };
		5B1340FF176223DC008F8F1E /* NSObject+Essentials.m */ = {isa = PBXFileReference; fileEncoding = 4; lastKnownFileType = sourcecode.c.objc; path = "NSObject+Essentials.m"; sourceTree = "<group>"; };
		5B13410517622CA1008F8F1E /* UIColor+Essentials.h */ = {isa = PBXFileReference; fileEncoding = 4; lastKnownFileType = sourcecode.c.h; path = "UIColor+Essentials.h"; sourceTree = "<group>"; };
		5B13410617622CA1008F8F1E /* UIColor+Essentials.m */ = {isa = PBXFileReference; fileEncoding = 4; lastKnownFileType = sourcecode.c.objc; path = "UIColor+Essentials.m"; sourceTree = "<group>"; };
		5B13410817622E0F008F8F1E /* UIDevice+Essentials.h */ = {isa = PBXFileReference; fileEncoding = 4; lastKnownFileType = sourcecode.c.h; path = "UIDevice+Essentials.h"; sourceTree = "<group>"; };
		5B13410917622E0F008F8F1E /* UIDevice+Essentials.m */ = {isa = PBXFileReference; fileEncoding = 4; lastKnownFileType = sourcecode.c.objc; path = "UIDevice+Essentials.m"; sourceTree = "<group>"; };
		5B13410B17623C53008F8F1E /* NSDictionary+Essentials.h */ = {isa = PBXFileReference; fileEncoding = 4; lastKnownFileType = sourcecode.c.h; path = "NSDictionary+Essentials.h"; sourceTree = "<group>"; };
		5B13410C17623C53008F8F1E /* NSDictionary+Essentials.m */ = {isa = PBXFileReference; fileEncoding = 4; lastKnownFileType = sourcecode.c.objc; path = "NSDictionary+Essentials.m"; sourceTree = "<group>"; };
		5B13410E1762401C008F8F1E /* UIImage+Essentials.h */ = {isa = PBXFileReference; fileEncoding = 4; lastKnownFileType = sourcecode.c.h; path = "UIImage+Essentials.h"; sourceTree = "<group>"; };
		5B13410F1762401C008F8F1E /* UIImage+Essentials.m */ = {isa = PBXFileReference; fileEncoding = 4; lastKnownFileType = sourcecode.c.objc; path = "UIImage+Essentials.m"; sourceTree = "<group>"; };
		5B13411117624043008F8F1E /* QuartzCore.framework */ = {isa = PBXFileReference; lastKnownFileType = wrapper.framework; name = QuartzCore.framework; path = System/Library/Frameworks/QuartzCore.framework; sourceTree = SDKROOT; };
		5B13411317624235008F8F1E /* UIScreen+Essentials.h */ = {isa = PBXFileReference; fileEncoding = 4; lastKnownFileType = sourcecode.c.h; path = "UIScreen+Essentials.h"; sourceTree = "<group>"; };
		5B13411417624235008F8F1E /* UIScreen+Essentials.m */ = {isa = PBXFileReference; fileEncoding = 4; lastKnownFileType = sourcecode.c.objc; path = "UIScreen+Essentials.m"; sourceTree = "<group>"; };
		5B134116176243C2008F8F1E /* UIView+Essentials.h */ = {isa = PBXFileReference; fileEncoding = 4; lastKnownFileType = sourcecode.c.h; path = "UIView+Essentials.h"; sourceTree = "<group>"; };
		5B134117176243C2008F8F1E /* UIView+Essentials.m */ = {isa = PBXFileReference; fileEncoding = 4; lastKnownFileType = sourcecode.c.objc; path = "UIView+Essentials.m"; sourceTree = "<group>"; };
		5B13C0B61786DEB8001666F4 /* UIKit.framework */ = {isa = PBXFileReference; lastKnownFileType = wrapper.framework; name = UIKit.framework; path = System/Library/Frameworks/UIKit.framework; sourceTree = SDKROOT; };
		5B13C0B81786DED0001666F4 /* CoreGraphics.framework */ = {isa = PBXFileReference; lastKnownFileType = wrapper.framework; name = CoreGraphics.framework; path = System/Library/Frameworks/CoreGraphics.framework; sourceTree = SDKROOT; };
		5B1725BF1AC4465300832083 /* ESSCatch.h */ = {isa = PBXFileReference; fileEncoding = 4; lastKnownFileType = sourcecode.c.h; path = ESSCatch.h; sourceTree = "<group>"; };
		5B1725C01AC4465300832083 /* ESSCatch.m */ = {isa = PBXFileReference; fileEncoding = 4; lastKnownFileType = sourcecode.c.objc; path = ESSCatch.m; sourceTree = "<group>"; };
		5B1984E81AEFC8D4006A6798 /* UIApplication+Essentials.h */ = {isa = PBXFileReference; fileEncoding = 4; lastKnownFileType = sourcecode.c.h; path = "UIApplication+Essentials.h"; sourceTree = "<group>"; };
		5B1984E91AEFC8D4006A6798 /* UIApplication+Essentials.m */ = {isa = PBXFileReference; fileEncoding = 4; lastKnownFileType = sourcecode.c.objc; path = "UIApplication+Essentials.m"; sourceTree = "<group>"; };
		5B1E48B21AF67107007941E1 /* ESSDrawView.h */ = {isa = PBXFileReference; fileEncoding = 4; lastKnownFileType = sourcecode.c.h; path = ESSDrawView.h; sourceTree = "<group>"; };
		5B1E48B31AF67107007941E1 /* ESSDrawView.m */ = {isa = PBXFileReference; fileEncoding = 4; lastKnownFileType = sourcecode.c.objc; path = ESSDrawView.m; sourceTree = "<group>"; };
		5B1EDF9B1ED00EF300DA9837 /* UIButton+Essentials.h */ = {isa = PBXFileReference; fileEncoding = 4; lastKnownFileType = sourcecode.c.h; path = "UIButton+Essentials.h"; sourceTree = "<group>"; };
		5B1EDF9C1ED00EF300DA9837 /* UIButton+Essentials.m */ = {isa = PBXFileReference; fileEncoding = 4; lastKnownFileType = sourcecode.c.objc; path = "UIButton+Essentials.m"; sourceTree = "<group>"; };
		5B22FCCE1BD95A9400CBA87B /* NSMutableSet+Essentials.h */ = {isa = PBXFileReference; fileEncoding = 4; lastKnownFileType = sourcecode.c.h; path = "NSMutableSet+Essentials.h"; sourceTree = "<group>"; };
		5B22FCCF1BD95A9400CBA87B /* NSMutableSet+Essentials.m */ = {isa = PBXFileReference; fileEncoding = 4; lastKnownFileType = sourcecode.c.objc; path = "NSMutableSet+Essentials.m"; sourceTree = "<group>"; };
		5B2A32C11923AA05008E5B36 /* UIFont+Essentials.h */ = {isa = PBXFileReference; fileEncoding = 4; lastKnownFileType = sourcecode.c.h; path = "UIFont+Essentials.h"; sourceTree = "<group>"; };
		5B2A32C21923AA05008E5B36 /* UIFont+Essentials.m */ = {isa = PBXFileReference; fileEncoding = 4; lastKnownFileType = sourcecode.c.objc; path = "UIFont+Essentials.m"; sourceTree = "<group>"; };
		5B3379AC19F299D600CBE28C /* ESSLog.h */ = {isa = PBXFileReference; fileEncoding = 4; lastKnownFileType = sourcecode.c.h; path = ESSLog.h; sourceTree = "<group>"; };
		5B3379AD19F299D600CBE28C /* ESSLog.m */ = {isa = PBXFileReference; fileEncoding = 4; lastKnownFileType = sourcecode.c.objc; path = ESSLog.m; sourceTree = "<group>"; };
		5B3A0A451A6160E600B7B55C /* UIBezierPath+Essentials.h */ = {isa = PBXFileReference; fileEncoding = 4; lastKnownFileType = sourcecode.c.h; path = "UIBezierPath+Essentials.h"; sourceTree = "<group>"; };
		5B3A0A461A6160E600B7B55C /* UIBezierPath+Essentials.m */ = {isa = PBXFileReference; fileEncoding = 4; lastKnownFileType = sourcecode.c.objc; path = "UIBezierPath+Essentials.m"; sourceTree = "<group>"; };
		5B50779D1C3E518F004F6745 /* NSMapTable+Essentials.h */ = {isa = PBXFileReference; fileEncoding = 4; lastKnownFileType = sourcecode.c.h; path = "NSMapTable+Essentials.h"; sourceTree = "<group>"; };
		5B50779E1C3E518F004F6745 /* NSMapTable+Essentials.m */ = {isa = PBXFileReference; fileEncoding = 4; lastKnownFileType = sourcecode.c.objc; path = "NSMapTable+Essentials.m"; sourceTree = "<group>"; };
		5B61075719E52E930071B547 /* NSLocale+Essentials.h */ = {isa = PBXFileReference; fileEncoding = 4; lastKnownFileType = sourcecode.c.h; path = "NSLocale+Essentials.h"; sourceTree = "<group>"; };
		5B61075819E52E930071B547 /* NSLocale+Essentials.m */ = {isa = PBXFileReference; fileEncoding = 4; lastKnownFileType = sourcecode.c.objc; path = "NSLocale+Essentials.m"; sourceTree = "<group>"; };
		5B61079119E67A6B0071B547 /* NSURLSession+Essentials.h */ = {isa = PBXFileReference; fileEncoding = 4; lastKnownFileType = sourcecode.c.h; path = "NSURLSession+Essentials.h"; sourceTree = "<group>"; };
		5B61079219E67A6B0071B547 /* NSURLSession+Essentials.m */ = {isa = PBXFileReference; fileEncoding = 4; lastKnownFileType = sourcecode.c.objc; path = "NSURLSession+Essentials.m"; sourceTree = "<group>"; };
		5B61079619E6A5A00071B547 /* ESSURLResponse.h */ = {isa = PBXFileReference; fileEncoding = 4; lastKnownFileType = sourcecode.c.h; path = ESSURLResponse.h; sourceTree = "<group>"; };
		5B61079719E6A5A00071B547 /* ESSURLResponse.m */ = {isa = PBXFileReference; fileEncoding = 4; lastKnownFileType = sourcecode.c.objc; path = ESSURLResponse.m; sourceTree = "<group>"; };
		5B61079B19E6A7FB0071B547 /* NSURLRequest+Essentials.h */ = {isa = PBXFileReference; fileEncoding = 4; lastKnownFileType = sourcecode.c.h; path = "NSURLRequest+Essentials.h"; sourceTree = "<group>"; };
		5B61079C19E6A7FB0071B547 /* NSURLRequest+Essentials.m */ = {isa = PBXFileReference; fileEncoding = 4; lastKnownFileType = sourcecode.c.objc; path = "NSURLRequest+Essentials.m"; sourceTree = "<group>"; };
		5B6C4999184F6A6C00C1D075 /* NSData+Essentials.h */ = {isa = PBXFileReference; fileEncoding = 4; lastKnownFileType = sourcecode.c.h; path = "NSData+Essentials.h"; sourceTree = "<group>"; };
		5B6C499A184F6A6C00C1D075 /* NSData+Essentials.m */ = {isa = PBXFileReference; fileEncoding = 4; lastKnownFileType = sourcecode.c.objc; path = "NSData+Essentials.m"; sourceTree = "<group>"; };
		5B6D194E17749EC800FA2E3E /* NSNumber+Essentials.h */ = {isa = PBXFileReference; fileEncoding = 4; lastKnownFileType = sourcecode.c.h; path = "NSNumber+Essentials.h"; sourceTree = "<group>"; };
		5B6D194F17749EC800FA2E3E /* NSNumber+Essentials.m */ = {isa = PBXFileReference; fileEncoding = 4; lastKnownFileType = sourcecode.c.objc; path = "NSNumber+Essentials.m"; sourceTree = "<group>"; };
		5B6D1999177C45EE00FA2E3E /* UIKit+Essentials.m */ = {isa = PBXFileReference; fileEncoding = 4; lastKnownFileType = sourcecode.c.objc; path = "UIKit+Essentials.m"; sourceTree = "<group>"; };
		5B7493E91EBE496900A96210 /* ESSEvent.h */ = {isa = PBXFileReference; fileEncoding = 4; lastKnownFileType = sourcecode.c.h; path = ESSEvent.h; sourceTree = "<group>"; };
		5B7493EA1EBE496900A96210 /* ESSEvent.m */ = {isa = PBXFileReference; fileEncoding = 4; lastKnownFileType = sourcecode.c.objc; path = ESSEvent.m; sourceTree = "<group>"; };
		5B74A63619D45F5B00B04E07 /* ESSProxy.h */ = {isa = PBXFileReference; fileEncoding = 4; lastKnownFileType = sourcecode.c.h; path = ESSProxy.h; sourceTree = "<group>"; };
		5B74A63719D45F5B00B04E07 /* ESSProxy.m */ = {isa = PBXFileReference; fileEncoding = 4; lastKnownFileType = sourcecode.c.objc; path = ESSProxy.m; sourceTree = "<group>"; };
		5B79EA501A98E2670031ED59 /* NSCoder+Essentials.h */ = {isa = PBXFileReference; fileEncoding = 4; lastKnownFileType = sourcecode.c.h; path = "NSCoder+Essentials.h"; sourceTree = "<group>"; };
		5B79EA511A98E2670031ED59 /* NSCoder+Essentials.m */ = {isa = PBXFileReference; fileEncoding = 4; lastKnownFileType = sourcecode.c.objc; path = "NSCoder+Essentials.m"; sourceTree = "<group>"; };
		5B79EA551A98F5400031ED59 /* NSValue+Essentials.h */ = {isa = PBXFileReference; fileEncoding = 4; lastKnownFileType = sourcecode.c.h; path = "NSValue+Essentials.h"; sourceTree = "<group>"; };
		5B79EA561A98F5400031ED59 /* NSValue+Essentials.m */ = {isa = PBXFileReference; fileEncoding = 4; lastKnownFileType = sourcecode.c.objc; path = "NSValue+Essentials.m"; sourceTree = "<group>"; };
		5B7A38BF17C39E5500C2F24C /* NSAttributedString+Essentials.h */ = {isa = PBXFileReference; fileEncoding = 4; lastKnownFileType = sourcecode.c.h; path = "NSAttributedString+Essentials.h"; sourceTree = "<group>"; };
		5B7A38C017C39E5500C2F24C /* NSAttributedString+Essentials.m */ = {isa = PBXFileReference; fileEncoding = 4; lastKnownFileType = sourcecode.c.objc; path = "NSAttributedString+Essentials.m"; sourceTree = "<group>"; };
		5B7A38C217C3A43300C2F24C /* NSMutableAttributedString+Essentials.h */ = {isa = PBXFileReference; fileEncoding = 4; lastKnownFileType = sourcecode.c.h; path = "NSMutableAttributedString+Essentials.h"; sourceTree = "<group>"; };
		5B7A38C317C3A43300C2F24C /* NSMutableAttributedString+Essentials.m */ = {isa = PBXFileReference; fileEncoding = 4; lastKnownFileType = sourcecode.c.objc; path = "NSMutableAttributedString+Essentials.m"; sourceTree = "<group>"; };
		5B8A641C180AC74F00E0AEE8 /* NSDate+Essentials.h */ = {isa = PBXFileReference; fileEncoding = 4; lastKnownFileType = sourcecode.c.h; path = "NSDate+Essentials.h"; sourceTree = "<group>"; };
		5B8A641D180AC74F00E0AEE8 /* NSDate+Essentials.m */ = {isa = PBXFileReference; fileEncoding = 4; lastKnownFileType = sourcecode.c.objc; path = "NSDate+Essentials.m"; sourceTree = "<group>"; };
		5B8B95021EBF5D64001E7097 /* JSON.h */ = {isa = PBXFileReference; fileEncoding = 4; lastKnownFileType = sourcecode.c.h; path = JSON.h; sourceTree = "<group>"; };
		5B8B95031EBF5D64001E7097 /* JSON.m */ = {isa = PBXFileReference; fileEncoding = 4; lastKnownFileType = sourcecode.c.objc; path = JSON.m; sourceTree = "<group>"; };
		5B9E640317BBB9AF008CB772 /* NSShadow+Essentials.h */ = {isa = PBXFileReference; fileEncoding = 4; lastKnownFileType = sourcecode.c.h; path = "NSShadow+Essentials.h"; sourceTree = "<group>"; };
		5B9E640417BBB9AF008CB772 /* NSShadow+Essentials.m */ = {isa = PBXFileReference; fileEncoding = 4; lastKnownFileType = sourcecode.c.objc; path = "NSShadow+Essentials.m"; sourceTree = "<group>"; };
		5B9E640D17BBC8A2008CB772 /* Foundation+Essentials.m */ = {isa = PBXFileReference; fileEncoding = 4; lastKnownFileType = sourcecode.c.objc; path = "Foundation+Essentials.m"; sourceTree = "<group>"; };
		5BAC18051CA69CEB00533C1E /* NSCharacterSet+Essentials.h */ = {isa = PBXFileReference; fileEncoding = 4; lastKnownFileType = sourcecode.c.h; path = "NSCharacterSet+Essentials.h"; sourceTree = "<group>"; };
		5BAC18061CA69CEB00533C1E /* NSCharacterSet+Essentials.m */ = {isa = PBXFileReference; fileEncoding = 4; lastKnownFileType = sourcecode.c.objc; path = "NSCharacterSet+Essentials.m"; sourceTree = "<group>"; };
		5BB485D31A161C3900AB82BE /* UIBarButtonItem+Essentials.h */ = {isa = PBXFileReference; fileEncoding = 4; lastKnownFileType = sourcecode.c.h; path = "UIBarButtonItem+Essentials.h"; sourceTree = "<group>"; };
		5BB485D41A161C3900AB82BE /* UIBarButtonItem+Essentials.m */ = {isa = PBXFileReference; fileEncoding = 4; lastKnownFileType = sourcecode.c.objc; path = "UIBarButtonItem+Essentials.m"; sourceTree = "<group>"; };
		5BBF9A741C6F9A15007B24FC /* NSDateFormatter+Essentials.h */ = {isa = PBXFileReference; fileEncoding = 4; lastKnownFileType = sourcecode.c.h; path = "NSDateFormatter+Essentials.h"; sourceTree = "<group>"; };
		5BBF9A751C6F9A15007B24FC /* NSDateFormatter+Essentials.m */ = {isa = PBXFileReference; fileEncoding = 4; lastKnownFileType = sourcecode.c.objc; path = "NSDateFormatter+Essentials.m"; sourceTree = "<group>"; };
		5BBFA588176205DF0061E8B5 /* libEssentials.a */ = {isa = PBXFileReference; explicitFileType = archive.ar; includeInIndex = 0; path = libEssentials.a; sourceTree = BUILT_PRODUCTS_DIR; };
		5BBFA58B176205DF0061E8B5 /* Foundation.framework */ = {isa = PBXFileReference; lastKnownFileType = wrapper.framework; name = Foundation.framework; path = System/Library/Frameworks/Foundation.framework; sourceTree = SDKROOT; };
		5BBFA590176205DF0061E8B5 /* Essentials.h */ = {isa = PBXFileReference; lastKnownFileType = sourcecode.c.h; path = Essentials.h; sourceTree = "<group>"; };
		5BBFA59A176205DF0061E8B5 /* SenTestingKit.framework */ = {isa = PBXFileReference; lastKnownFileType = wrapper.framework; name = SenTestingKit.framework; path = Library/Frameworks/SenTestingKit.framework; sourceTree = DEVELOPER_DIR; };
		5BBFA5B31762061F0061E8B5 /* NSString+Essentials.h */ = {isa = PBXFileReference; fileEncoding = 4; lastKnownFileType = sourcecode.c.h; path = "NSString+Essentials.h"; sourceTree = "<group>"; };
		5BBFA5B41762061F0061E8B5 /* NSString+Essentials.m */ = {isa = PBXFileReference; fileEncoding = 4; lastKnownFileType = sourcecode.c.objc; path = "NSString+Essentials.m"; sourceTree = "<group>"; };
		5BBFA5BC176213B50061E8B5 /* NSArray+Essentials.h */ = {isa = PBXFileReference; fileEncoding = 4; lastKnownFileType = sourcecode.c.h; path = "NSArray+Essentials.h"; sourceTree = "<group>"; };
		5BBFA5BD176213B50061E8B5 /* NSArray+Essentials.m */ = {isa = PBXFileReference; fileEncoding = 4; lastKnownFileType = sourcecode.c.objc; path = "NSArray+Essentials.m"; sourceTree = "<group>"; };
		5BBFA5BF176214D00061E8B5 /* NSMutableArray+Essentials.h */ = {isa = PBXFileReference; fileEncoding = 4; lastKnownFileType = sourcecode.c.h; path = "NSMutableArray+Essentials.h"; sourceTree = "<group>"; };
		5BBFA5C0176214D00061E8B5 /* NSMutableArray+Essentials.m */ = {isa = PBXFileReference; fileEncoding = 4; lastKnownFileType = sourcecode.c.objc; path = "NSMutableArray+Essentials.m"; sourceTree = "<group>"; };
		5BBFA5CF17621E490061E8B5 /* NSError+Essentials.h */ = {isa = PBXFileReference; fileEncoding = 4; lastKnownFileType = sourcecode.c.h; path = "NSError+Essentials.h"; sourceTree = "<group>"; };
		5BBFA5D017621E490061E8B5 /* NSError+Essentials.m */ = {isa = PBXFileReference; fileEncoding = 4; lastKnownFileType = sourcecode.c.objc; path = "NSError+Essentials.m"; sourceTree = "<group>"; };
		5BBFA5D217621EC30061E8B5 /* NSInvocation+Essentials.h */ = {isa = PBXFileReference; fileEncoding = 4; lastKnownFileType = sourcecode.c.h; path = "NSInvocation+Essentials.h"; sourceTree = "<group>"; };
		5BBFA5D317621EC30061E8B5 /* NSInvocation+Essentials.m */ = {isa = PBXFileReference; fileEncoding = 4; lastKnownFileType = sourcecode.c.objc; path = "NSInvocation+Essentials.m"; sourceTree = "<group>"; };
		5BBFA5D517621F7A0061E8B5 /* NSOperationQueue+Essentials.h */ = {isa = PBXFileReference; fileEncoding = 4; lastKnownFileType = sourcecode.c.h; path = "NSOperationQueue+Essentials.h"; sourceTree = "<group>"; };
		5BBFA5D617621F7A0061E8B5 /* NSOperationQueue+Essentials.m */ = {isa = PBXFileReference; fileEncoding = 4; lastKnownFileType = sourcecode.c.objc; path = "NSOperationQueue+Essentials.m"; sourceTree = "<group>"; };
		5BCA600A1B2197D100EFB683 /* UIAlertController+Essentials.h */ = {isa = PBXFileReference; fileEncoding = 4; lastKnownFileType = sourcecode.c.h; path = "UIAlertController+Essentials.h"; sourceTree = "<group>"; };
		5BCA600B1B2197D100EFB683 /* UIAlertController+Essentials.m */ = {isa = PBXFileReference; fileEncoding = 4; lastKnownFileType = sourcecode.c.objc; path = "UIAlertController+Essentials.m"; sourceTree = "<group>"; };
		5BD8A6381AACB42400B0C398 /* UIViewController+Essentials.h */ = {isa = PBXFileReference; fileEncoding = 4; lastKnownFileType = sourcecode.c.h; path = "UIViewController+Essentials.h"; sourceTree = "<group>"; };
		5BD8A6391AACB42400B0C398 /* UIViewController+Essentials.m */ = {isa = PBXFileReference; fileEncoding = 4; lastKnownFileType = sourcecode.c.objc; path = "UIViewController+Essentials.m"; sourceTree = "<group>"; };
		5BE0A30D1BD384CB006BDA45 /* NSBundle+Essentials.h */ = {isa = PBXFileReference; fileEncoding = 4; lastKnownFileType = sourcecode.c.h; path = "NSBundle+Essentials.h"; sourceTree = "<group>"; };
		5BE0A30E1BD384CB006BDA45 /* NSBundle+Essentials.m */ = {isa = PBXFileReference; fileEncoding = 4; lastKnownFileType = sourcecode.c.objc; path = "NSBundle+Essentials.m"; sourceTree = "<group>"; };
		5BE32D6219BB4D77002605B3 /* CIContext+Essentials.h */ = {isa = PBXFileReference; fileEncoding = 4; lastKnownFileType = sourcecode.c.h; path = "CIContext+Essentials.h"; sourceTree = "<group>"; };
		5BE32D6319BB4D77002605B3 /* CIContext+Essentials.m */ = {isa = PBXFileReference; fileEncoding = 4; lastKnownFileType = sourcecode.c.objc; path = "CIContext+Essentials.m"; sourceTree = "<group>"; };
		5BE32D6419BB4D77002605B3 /* CIFilter+Essentials.h */ = {isa = PBXFileReference; fileEncoding = 4; lastKnownFileType = sourcecode.c.h; path = "CIFilter+Essentials.h"; sourceTree = "<group>"; };
		5BE32D6519BB4D77002605B3 /* CIFilter+Essentials.m */ = {isa = PBXFileReference; fileEncoding = 4; lastKnownFileType = sourcecode.c.objc; path = "CIFilter+Essentials.m"; sourceTree = "<group>"; };
		5BE32D6C19BB4D93002605B3 /* CoreImage+Essentials.h */ = {isa = PBXFileReference; lastKnownFileType = sourcecode.c.h; path = "CoreImage+Essentials.h"; sourceTree = "<group>"; };
		5BE4752718F8342400C428CB /* NSSortDescriptor+Essentials.h */ = {isa = PBXFileReference; fileEncoding = 4; lastKnownFileType = sourcecode.c.h; path = "NSSortDescriptor+Essentials.h"; sourceTree = "<group>"; };
		5BE4752818F8342400C428CB /* NSSortDescriptor+Essentials.m */ = {isa = PBXFileReference; fileEncoding = 4; lastKnownFileType = sourcecode.c.objc; path = "NSSortDescriptor+Essentials.m"; sourceTree = "<group>"; };
		5BE79BFA189BFCF0004A02B1 /* NSMutableDictionary+Essentials.h */ = {isa = PBXFileReference; fileEncoding = 4; lastKnownFileType = sourcecode.c.h; path = "NSMutableDictionary+Essentials.h"; sourceTree = "<group>"; };
		5BE79BFB189BFCF0004A02B1 /* NSMutableDictionary+Essentials.m */ = {isa = PBXFileReference; fileEncoding = 4; lastKnownFileType = sourcecode.c.objc; path = "NSMutableDictionary+Essentials.m"; sourceTree = "<group>"; };
		5BE79BFF189BFE69004A02B1 /* NSUUID+Essentials.h */ = {isa = PBXFileReference; fileEncoding = 4; lastKnownFileType = sourcecode.c.h; path = "NSUUID+Essentials.h"; sourceTree = "<group>"; };
		5BE79C00189BFE69004A02B1 /* NSUUID+Essentials.m */ = {isa = PBXFileReference; fileEncoding = 4; lastKnownFileType = sourcecode.c.objc; path = "NSUUID+Essentials.m"; sourceTree = "<group>"; };
		5BE8AABC19702FC300F0B09A /* NSIndexPath+Essentials.h */ = {isa = PBXFileReference; fileEncoding = 4; lastKnownFileType = sourcecode.c.h; path = "NSIndexPath+Essentials.h"; sourceTree = "<group>"; };
		5BE8AABD19702FC300F0B09A /* NSIndexPath+Essentials.m */ = {isa = PBXFileReference; fileEncoding = 4; lastKnownFileType = sourcecode.c.objc; path = "NSIndexPath+Essentials.m"; sourceTree = "<group>"; };
		5BF8385A17EF6DAA0054CC07 /* UITableView+Essentials.h */ = {isa = PBXFileReference; fileEncoding = 4; lastKnownFileType = sourcecode.c.h; path = "UITableView+Essentials.h"; sourceTree = "<group>"; };
		5BF8385B17EF6DAA0054CC07 /* UITableView+Essentials.m */ = {isa = PBXFileReference; fileEncoding = 4; lastKnownFileType = sourcecode.c.objc; path = "UITableView+Essentials.m"; sourceTree = "<group>"; };
		5BFBABDF1844BAC300179483 /* libEssentialsOSX.a */ = {isa = PBXFileReference; explicitFileType = archive.ar; includeInIndex = 0; path = libEssentialsOSX.a; sourceTree = BUILT_PRODUCTS_DIR; };
		5BFBAC171844BD7F00179483 /* Foundation.framework */ = {isa = PBXFileReference; lastKnownFileType = wrapper.framework; name = Foundation.framework; path = Platforms/MacOSX.platform/Developer/SDKs/MacOSX10.9.sdk/System/Library/Frameworks/Foundation.framework; sourceTree = DEVELOPER_DIR; };
		5BFDDE3A19D95F0900AF28D7 /* NSTimer+Essentials.h */ = {isa = PBXFileReference; fileEncoding = 4; lastKnownFileType = sourcecode.c.h; path = "NSTimer+Essentials.h"; sourceTree = "<group>"; };
		5BFDDE3B19D95F0900AF28D7 /* NSTimer+Essentials.m */ = {isa = PBXFileReference; fileEncoding = 4; lastKnownFileType = sourcecode.c.objc; path = "NSTimer+Essentials.m"; sourceTree = "<group>"; };
		5F906B4417709E8700097175 /* Foundation+Essentials.h */ = {isa = PBXFileReference; lastKnownFileType = sourcecode.c.h; path = "Foundation+Essentials.h"; sourceTree = "<group>"; };
		5F906B4517709E9400097175 /* UIKit+Essentials.h */ = {isa = PBXFileReference; lastKnownFileType = sourcecode.c.h; path = "UIKit+Essentials.h"; sourceTree = "<group>"; };
		5FC56AAE177B3ACE00AB6A4A /* UIScrollView+Essentials.m */ = {isa = PBXFileReference; fileEncoding = 4; lastKnownFileType = sourcecode.c.objc; path = "UIScrollView+Essentials.m"; sourceTree = "<group>"; };
		5FC56AAF177B3ACE00AB6A4A /* UIScrollView+Essentials.h */ = {isa = PBXFileReference; fileEncoding = 4; lastKnownFileType = sourcecode.c.h; path = "UIScrollView+Essentials.h"; sourceTree = "<group>"; };
/* End PBXFileReference section */

/* Begin PBXFrameworksBuildPhase section */
		5BBFA585176205DF0061E8B5 /* Frameworks */ = {
			isa = PBXFrameworksBuildPhase;
			buildActionMask = 2147483647;
			files = (
				5B13C0BB1786DEE4001666F4 /* CoreGraphics.framework in Frameworks */,
				5B13C0BA1786DEDF001666F4 /* UIKit.framework in Frameworks */,
				5BBFA58C176205DF0061E8B5 /* Foundation.framework in Frameworks */,
			);
			runOnlyForDeploymentPostprocessing = 0;
		};
		5BFBABDC1844BAC300179483 /* Frameworks */ = {
			isa = PBXFrameworksBuildPhase;
			buildActionMask = 2147483647;
			files = (
				5BFBAC181844BD7F00179483 /* Foundation.framework in Frameworks */,
			);
			runOnlyForDeploymentPostprocessing = 0;
		};
/* End PBXFrameworksBuildPhase section */

/* Begin PBXGroup section */
		5B0C58C41EE29DDF00DFE420 /* Products */ = {
			isa = PBXGroup;
			children = (
				5B0C58C81EE29DDF00DFE420 /* Test */,
			);
			name = Products;
			sourceTree = "<group>";
		};
		5B0C58D21EE29FD100DFE420 /* jDateFormat */ = {
			isa = PBXGroup;
			children = (
				5B0C58D31EE29FD100DFE420 /* jDateFormat.h */,
			);
			path = jDateFormat;
			sourceTree = "<group>";
		};
		5B1340F9176222DF008F8F1E /* UIKit */ = {
			isa = PBXGroup;
			children = (
				5F906B4517709E9400097175 /* UIKit+Essentials.h */,
				5B6D1999177C45EE00FA2E3E /* UIKit+Essentials.m */,
				5BCA600A1B2197D100EFB683 /* UIAlertController+Essentials.h */,
				5BCA600B1B2197D100EFB683 /* UIAlertController+Essentials.m */,
				5B13410517622CA1008F8F1E /* UIColor+Essentials.h */,
				5B13410617622CA1008F8F1E /* UIColor+Essentials.m */,
				5B13410817622E0F008F8F1E /* UIDevice+Essentials.h */,
				5B13410917622E0F008F8F1E /* UIDevice+Essentials.m */,
				5B13410E1762401C008F8F1E /* UIImage+Essentials.h */,
				5B13410F1762401C008F8F1E /* UIImage+Essentials.m */,
				5B13411317624235008F8F1E /* UIScreen+Essentials.h */,
				5B13411417624235008F8F1E /* UIScreen+Essentials.m */,
				5B134116176243C2008F8F1E /* UIView+Essentials.h */,
				5B134117176243C2008F8F1E /* UIView+Essentials.m */,
				5FC56AAF177B3ACE00AB6A4A /* UIScrollView+Essentials.h */,
				5FC56AAE177B3ACE00AB6A4A /* UIScrollView+Essentials.m */,
				5B9E640317BBB9AF008CB772 /* NSShadow+Essentials.h */,
				5B9E640417BBB9AF008CB772 /* NSShadow+Essentials.m */,
				5B7A38BF17C39E5500C2F24C /* NSAttributedString+Essentials.h */,
				5B7A38C017C39E5500C2F24C /* NSAttributedString+Essentials.m */,
				5B7A38C217C3A43300C2F24C /* NSMutableAttributedString+Essentials.h */,
				5B7A38C317C3A43300C2F24C /* NSMutableAttributedString+Essentials.m */,
				5BF8385A17EF6DAA0054CC07 /* UITableView+Essentials.h */,
				5BF8385B17EF6DAA0054CC07 /* UITableView+Essentials.m */,
				5B2A32C11923AA05008E5B36 /* UIFont+Essentials.h */,
				5B2A32C21923AA05008E5B36 /* UIFont+Essentials.m */,
				5BB485D31A161C3900AB82BE /* UIBarButtonItem+Essentials.h */,
				5BB485D41A161C3900AB82BE /* UIBarButtonItem+Essentials.m */,
				5B3A0A451A6160E600B7B55C /* UIBezierPath+Essentials.h */,
				5B3A0A461A6160E600B7B55C /* UIBezierPath+Essentials.m */,
				5BD8A6381AACB42400B0C398 /* UIViewController+Essentials.h */,
				5BD8A6391AACB42400B0C398 /* UIViewController+Essentials.m */,
				5B1984E81AEFC8D4006A6798 /* UIApplication+Essentials.h */,
				5B1984E91AEFC8D4006A6798 /* UIApplication+Essentials.m */,
				5B1E48B21AF67107007941E1 /* ESSDrawView.h */,
				5B1E48B31AF67107007941E1 /* ESSDrawView.m */,
				5B1EDF9B1ED00EF300DA9837 /* UIButton+Essentials.h */,
				5B1EDF9C1ED00EF300DA9837 /* UIButton+Essentials.m */,
			);
			path = UIKit;
			sourceTree = "<group>";
		};
		5BBFA57F176205DF0061E8B5 = {
			isa = PBXGroup;
			children = (
				5BBFA590176205DF0061E8B5 /* Essentials.h */,
				5BBFA58D176205DF0061E8B5 /* Foundation */,
				5B1340F9176222DF008F8F1E /* UIKit */,
				5BE32D6119BB4D77002605B3 /* CoreImage */,
				5B0C58C31EE29DDF00DFE420 /* Typed.xcodeproj */,
				5B0C58D21EE29FD100DFE420 /* jDateFormat */,
				5BBFA58A176205DF0061E8B5 /* Frameworks */,
				5BBFA589176205DF0061E8B5 /* Products */,
			);
			sourceTree = "<group>";
		};
		5BBFA589176205DF0061E8B5 /* Products */ = {
			isa = PBXGroup;
			children = (
				5BBFA588176205DF0061E8B5 /* libEssentials.a */,
				5BFBABDF1844BAC300179483 /* libEssentialsOSX.a */,
			);
			name = Products;
			sourceTree = "<group>";
		};
		5BBFA58A176205DF0061E8B5 /* Frameworks */ = {
			isa = PBXGroup;
			children = (
				5BFBAC161844BD7300179483 /* iOS */,
				5BFBAC191844BD8200179483 /* OS X */,
			);
			name = Frameworks;
			sourceTree = "<group>";
		};
		5BBFA58D176205DF0061E8B5 /* Foundation */ = {
			isa = PBXGroup;
			children = (
				5F906B4417709E8700097175 /* Foundation+Essentials.h */,
				5B9E640D17BBC8A2008CB772 /* Foundation+Essentials.m */,
				5B3379AC19F299D600CBE28C /* ESSLog.h */,
				5B3379AD19F299D600CBE28C /* ESSLog.m */,
				5B1340FE176223DC008F8F1E /* NSObject+Essentials.h */,
				5B1340FF176223DC008F8F1E /* NSObject+Essentials.m */,
				5BBFA5B31762061F0061E8B5 /* NSString+Essentials.h */,
				5BBFA5B41762061F0061E8B5 /* NSString+Essentials.m */,
				5BBFA5BC176213B50061E8B5 /* NSArray+Essentials.h */,
				5BBFA5BD176213B50061E8B5 /* NSArray+Essentials.m */,
				5BBFA5BF176214D00061E8B5 /* NSMutableArray+Essentials.h */,
				5BBFA5C0176214D00061E8B5 /* NSMutableArray+Essentials.m */,
				5B13410B17623C53008F8F1E /* NSDictionary+Essentials.h */,
				5B13410C17623C53008F8F1E /* NSDictionary+Essentials.m */,
				5BE79BFA189BFCF0004A02B1 /* NSMutableDictionary+Essentials.h */,
				5BE79BFB189BFCF0004A02B1 /* NSMutableDictionary+Essentials.m */,
				5BBFA5CF17621E490061E8B5 /* NSError+Essentials.h */,
				5BBFA5D017621E490061E8B5 /* NSError+Essentials.m */,
				5B6D194E17749EC800FA2E3E /* NSNumber+Essentials.h */,
				5B6D194F17749EC800FA2E3E /* NSNumber+Essentials.m */,
				5BBFA5D217621EC30061E8B5 /* NSInvocation+Essentials.h */,
				5BBFA5D317621EC30061E8B5 /* NSInvocation+Essentials.m */,
				5BBFA5D517621F7A0061E8B5 /* NSOperationQueue+Essentials.h */,
				5BBFA5D617621F7A0061E8B5 /* NSOperationQueue+Essentials.m */,
				5BFDDE3A19D95F0900AF28D7 /* NSTimer+Essentials.h */,
				5BFDDE3B19D95F0900AF28D7 /* NSTimer+Essentials.m */,
				5B8A641C180AC74F00E0AEE8 /* NSDate+Essentials.h */,
				5B8A641D180AC74F00E0AEE8 /* NSDate+Essentials.m */,
				5B6C4999184F6A6C00C1D075 /* NSData+Essentials.h */,
				5B6C499A184F6A6C00C1D075 /* NSData+Essentials.m */,
				5BE79BFF189BFE69004A02B1 /* NSUUID+Essentials.h */,
				5BE79C00189BFE69004A02B1 /* NSUUID+Essentials.m */,
				5BE4752718F8342400C428CB /* NSSortDescriptor+Essentials.h */,
				5BE4752818F8342400C428CB /* NSSortDescriptor+Essentials.m */,
				5BE8AABC19702FC300F0B09A /* NSIndexPath+Essentials.h */,
				5BE8AABD19702FC300F0B09A /* NSIndexPath+Essentials.m */,
				5B61075719E52E930071B547 /* NSLocale+Essentials.h */,
				5B61075819E52E930071B547 /* NSLocale+Essentials.m */,
				5B61079119E67A6B0071B547 /* NSURLSession+Essentials.h */,
				5B61079219E67A6B0071B547 /* NSURLSession+Essentials.m */,
				5B61079B19E6A7FB0071B547 /* NSURLRequest+Essentials.h */,
				5B61079C19E6A7FB0071B547 /* NSURLRequest+Essentials.m */,
				5B61079619E6A5A00071B547 /* ESSURLResponse.h */,
				5B61079719E6A5A00071B547 /* ESSURLResponse.m */,
				5B74A63619D45F5B00B04E07 /* ESSProxy.h */,
				5B74A63719D45F5B00B04E07 /* ESSProxy.m */,
				5B79EA551A98F5400031ED59 /* NSValue+Essentials.h */,
				5B79EA561A98F5400031ED59 /* NSValue+Essentials.m */,
				5B79EA501A98E2670031ED59 /* NSCoder+Essentials.h */,
				5B79EA511A98E2670031ED59 /* NSCoder+Essentials.m */,
				5B1725BF1AC4465300832083 /* ESSCatch.h */,
				5B1725C01AC4465300832083 /* ESSCatch.m */,
				5BE0A30D1BD384CB006BDA45 /* NSBundle+Essentials.h */,
				5BE0A30E1BD384CB006BDA45 /* NSBundle+Essentials.m */,
				5B22FCCE1BD95A9400CBA87B /* NSMutableSet+Essentials.h */,
				5B22FCCF1BD95A9400CBA87B /* NSMutableSet+Essentials.m */,
				5B50779D1C3E518F004F6745 /* NSMapTable+Essentials.h */,
				5B50779E1C3E518F004F6745 /* NSMapTable+Essentials.m */,
				5BBF9A741C6F9A15007B24FC /* NSDateFormatter+Essentials.h */,
				5BBF9A751C6F9A15007B24FC /* NSDateFormatter+Essentials.m */,
				5BAC18051CA69CEB00533C1E /* NSCharacterSet+Essentials.h */,
				5BAC18061CA69CEB00533C1E /* NSCharacterSet+Essentials.m */,
				5B7493E91EBE496900A96210 /* ESSEvent.h */,
				5B7493EA1EBE496900A96210 /* ESSEvent.m */,
				5B8B95021EBF5D64001E7097 /* JSON.h */,
				5B8B95031EBF5D64001E7097 /* JSON.m */,
				5B0C58701EDDCA7500DFE420 /* NSFileManager+Essentials.h */,
				5B0C58711EDDCA7500DFE420 /* NSFileManager+Essentials.m */,
			);
			path = Foundation;
			sourceTree = "<group>";
		};
		5BE32D6119BB4D77002605B3 /* CoreImage */ = {
			isa = PBXGroup;
			children = (
				5BE32D6C19BB4D93002605B3 /* CoreImage+Essentials.h */,
				5BE32D6219BB4D77002605B3 /* CIContext+Essentials.h */,
				5BE32D6319BB4D77002605B3 /* CIContext+Essentials.m */,
				5BE32D6419BB4D77002605B3 /* CIFilter+Essentials.h */,
				5BE32D6519BB4D77002605B3 /* CIFilter+Essentials.m */,
			);
			path = CoreImage;
			sourceTree = "<group>";
		};
		5BFBAC161844BD7300179483 /* iOS */ = {
			isa = PBXGroup;
			children = (
				5B13C0B81786DED0001666F4 /* CoreGraphics.framework */,
				5B13411117624043008F8F1E /* QuartzCore.framework */,
				5BBFA58B176205DF0061E8B5 /* Foundation.framework */,
				5BBFA59A176205DF0061E8B5 /* SenTestingKit.framework */,
				5B13C0B61786DEB8001666F4 /* UIKit.framework */,
			);
			name = iOS;
			sourceTree = "<group>";
		};
		5BFBAC191844BD8200179483 /* OS X */ = {
			isa = PBXGroup;
			children = (
				5BFBAC171844BD7F00179483 /* Foundation.framework */,
			);
			name = "OS X";
			sourceTree = "<group>";
		};
/* End PBXGroup section */

/* Begin PBXHeadersBuildPhase section */
		5BFBABDD1844BAC300179483 /* Headers */ = {
			isa = PBXHeadersBuildPhase;
			buildActionMask = 2147483647;
			files = (
				5B7493EB1EBE496900A96210 /* ESSEvent.h in Headers */,
				5B61075919E52E930071B547 /* NSLocale+Essentials.h in Headers */,
				5BE79BFC189BFCF0004A02B1 /* NSMutableDictionary+Essentials.h in Headers */,
				5B79EA521A98E2670031ED59 /* NSCoder+Essentials.h in Headers */,
				5B0C58D61EE29FD100DFE420 /* jDateFormat.h in Headers */,
				5B61079D19E6A7FB0071B547 /* NSURLRequest+Essentials.h in Headers */,
				5BE4752918F8342400C428CB /* NSSortDescriptor+Essentials.h in Headers */,
				5B6C499B184F6A6C00C1D075 /* NSData+Essentials.h in Headers */,
				5B61079819E6A5A00071B547 /* ESSURLResponse.h in Headers */,
				5B74A63819D45F5B00B04E07 /* ESSProxy.h in Headers */,
				5B79EA571A98F5400031ED59 /* NSValue+Essentials.h in Headers */,
				5BAC18071CA69CEB00533C1E /* NSCharacterSet+Essentials.h in Headers */,
				5B8B95041EBF5D64001E7097 /* JSON.h in Headers */,
				5BBF9A761C6F9A15007B24FC /* NSDateFormatter+Essentials.h in Headers */,
				5B3379AE19F299D600CBE28C /* ESSLog.h in Headers */,
				5B61079319E67A6B0071B547 /* NSURLSession+Essentials.h in Headers */,
				5BFDDE3C19D95F0900AF28D7 /* NSTimer+Essentials.h in Headers */,
				5B22FCD01BD95A9400CBA87B /* NSMutableSet+Essentials.h in Headers */,
				5B1725C11AC4465300832083 /* ESSCatch.h in Headers */,
				5BE79C01189BFE69004A02B1 /* NSUUID+Essentials.h in Headers */,
				5BE0A30F1BD384CB006BDA45 /* NSBundle+Essentials.h in Headers */,
				5B50779F1C3E518F004F6745 /* NSMapTable+Essentials.h in Headers */,
			);
			runOnlyForDeploymentPostprocessing = 0;
		};
/* End PBXHeadersBuildPhase section */

/* Begin PBXNativeTarget section */
		5BBFA587176205DF0061E8B5 /* Essentials */ = {
			isa = PBXNativeTarget;
			buildConfigurationList = 5BBFA5AD176205DF0061E8B5 /* Build configuration list for PBXNativeTarget "Essentials" */;
			buildPhases = (
				5BBFA584176205DF0061E8B5 /* Sources */,
				5BBFA585176205DF0061E8B5 /* Frameworks */,
				5BBFA586176205DF0061E8B5 /* CopyFiles */,
			);
			buildRules = (
			);
			dependencies = (
			);
			name = Essentials;
			productName = Essentials;
			productReference = 5BBFA588176205DF0061E8B5 /* libEssentials.a */;
			productType = "com.apple.product-type.library.static";
		};
		5BFBABDE1844BAC300179483 /* Essentials OS X */ = {
			isa = PBXNativeTarget;
			buildConfigurationList = 5BFBAC031844BAC300179483 /* Build configuration list for PBXNativeTarget "Essentials OS X" */;
			buildPhases = (
				5BFBABDB1844BAC300179483 /* Sources */,
				5BFBABDC1844BAC300179483 /* Frameworks */,
				5BFBABDD1844BAC300179483 /* Headers */,
			);
			buildRules = (
			);
			dependencies = (
			);
			name = "Essentials OS X";
			productName = "Foundation OS X";
			productReference = 5BFBABDF1844BAC300179483 /* libEssentialsOSX.a */;
			productType = "com.apple.product-type.library.static";
		};
/* End PBXNativeTarget section */

/* Begin PBXProject section */
		5BBFA580176205DF0061E8B5 /* Project object */ = {
			isa = PBXProject;
			attributes = {
				LastTestingUpgradeCheck = 0610;
				LastUpgradeCheck = 0800;
				ORGANIZATIONNAME = iAdverti;
			};
			buildConfigurationList = 5BBFA583176205DF0061E8B5 /* Build configuration list for PBXProject "Essentials" */;
			compatibilityVersion = "Xcode 3.2";
			developmentRegion = English;
			hasScannedForEncodings = 0;
			knownRegions = (
				en,
			);
			mainGroup = 5BBFA57F176205DF0061E8B5;
			productRefGroup = 5BBFA589176205DF0061E8B5 /* Products */;
			projectDirPath = "";
			projectReferences = (
				{
					ProductGroup = 5B0C58C41EE29DDF00DFE420 /* Products */;
					ProjectRef = 5B0C58C31EE29DDF00DFE420 /* Typed.xcodeproj */;
				},
			);
			projectRoot = "";
			targets = (
				5BBFA587176205DF0061E8B5 /* Essentials */,
				5BFBABDE1844BAC300179483 /* Essentials OS X */,
			);
		};
/* End PBXProject section */

/* Begin PBXReferenceProxy section */
		5B0C58C81EE29DDF00DFE420 /* Test */ = {
			isa = PBXReferenceProxy;
			fileType = "compiled.mach-o.executable";
			path = Test;
			remoteRef = 5B0C58C71EE29DDF00DFE420 /* PBXContainerItemProxy */;
			sourceTree = BUILT_PRODUCTS_DIR;
		};
/* End PBXReferenceProxy section */

/* Begin PBXSourcesBuildPhase section */
		5BBFA584176205DF0061E8B5 /* Sources */ = {
			isa = PBXSourcesBuildPhase;
			buildActionMask = 2147483647;
			files = (
				5B0C58721EDDCA7500DFE420 /* NSFileManager+Essentials.m in Sources */,
				5BBFA5B51762061F0061E8B5 /* NSString+Essentials.m in Sources */,
				5B61079E19E6A7FB0071B547 /* NSURLRequest+Essentials.m in Sources */,
				5BF8385C17EF6DAA0054CC07 /* UITableView+Essentials.m in Sources */,
				5BB485D51A161C3900AB82BE /* UIBarButtonItem+Essentials.m in Sources */,
				5BBFA5BE176213B50061E8B5 /* NSArray+Essentials.m in Sources */,
				5B8A641E180AC74F00E0AEE8 /* NSDate+Essentials.m in Sources */,
				5BBF9A771C6F9A15007B24FC /* NSDateFormatter+Essentials.m in Sources */,
				5B5077A01C3E518F004F6745 /* NSMapTable+Essentials.m in Sources */,
				5BE79BFD189BFCF0004A02B1 /* NSMutableDictionary+Essentials.m in Sources */,
				5BE0A3101BD384CB006BDA45 /* NSBundle+Essentials.m in Sources */,
				5B1984EA1AEFC8D4006A6798 /* UIApplication+Essentials.m in Sources */,
				5BBFA5C1176214D00061E8B5 /* NSMutableArray+Essentials.m in Sources */,
				5B9E640E17BBC8A2008CB772 /* Foundation+Essentials.m in Sources */,
				5BBFA5D117621E490061E8B5 /* NSError+Essentials.m in Sources */,
				5B6C499C184F6A6C00C1D075 /* NSData+Essentials.m in Sources */,
				5B7A38C417C3A43300C2F24C /* NSMutableAttributedString+Essentials.m in Sources */,
				5BBFA5D417621EC30061E8B5 /* NSInvocation+Essentials.m in Sources */,
				5BE32D6719BB4D77002605B3 /* CIContext+Essentials.m in Sources */,
				5BBFA5D717621F7A0061E8B5 /* NSOperationQueue+Essentials.m in Sources */,
				5B79EA531A98E2670031ED59 /* NSCoder+Essentials.m in Sources */,
				5B61079419E67A6B0071B547 /* NSURLSession+Essentials.m in Sources */,
				5B2A32C31923AA05008E5B36 /* UIFont+Essentials.m in Sources */,
				5B134100176223DC008F8F1E /* NSObject+Essentials.m in Sources */,
				5B8B95051EBF5D64001E7097 /* JSON.m in Sources */,
				5B3A0A471A6160E600B7B55C /* UIBezierPath+Essentials.m in Sources */,
				5B13410717622CA1008F8F1E /* UIColor+Essentials.m in Sources */,
				5BE8AABE19702FC300F0B09A /* NSIndexPath+Essentials.m in Sources */,
				5BCA600C1B2197D100EFB683 /* UIAlertController+Essentials.m in Sources */,
				5B13410A17622E0F008F8F1E /* UIDevice+Essentials.m in Sources */,
				5B7493EC1EBE496900A96210 /* ESSEvent.m in Sources */,
				5BE79C02189BFE69004A02B1 /* NSUUID+Essentials.m in Sources */,
				5B61079919E6A5A00071B547 /* ESSURLResponse.m in Sources */,
				5BE32D6A19BB4D77002605B3 /* CIFilter+Essentials.m in Sources */,
				5B3379AF19F299D600CBE28C /* ESSLog.m in Sources */,
				5B13410D17623C53008F8F1E /* NSDictionary+Essentials.m in Sources */,
				5B1341101762401C008F8F1E /* UIImage+Essentials.m in Sources */,
				5B61075A19E52E930071B547 /* NSLocale+Essentials.m in Sources */,
				5B1725C21AC4465300832083 /* ESSCatch.m in Sources */,
				5B13411517624235008F8F1E /* UIScreen+Essentials.m in Sources */,
				5B22FCD11BD95A9400CBA87B /* NSMutableSet+Essentials.m in Sources */,
				5B1EDF9D1ED00EF300DA9837 /* UIButton+Essentials.m in Sources */,
				5B1E48B41AF67107007941E1 /* ESSDrawView.m in Sources */,
				5B7A38C117C39E5500C2F24C /* NSAttributedString+Essentials.m in Sources */,
				5BE4752A18F8342400C428CB /* NSSortDescriptor+Essentials.m in Sources */,
				5BAC18081CA69CEB00533C1E /* NSCharacterSet+Essentials.m in Sources */,
				5BD8A63A1AACB42400B0C398 /* UIViewController+Essentials.m in Sources */,
				5B134118176243C2008F8F1E /* UIView+Essentials.m in Sources */,
				5B6D195017749EC900FA2E3E /* NSNumber+Essentials.m in Sources */,
				5FC56AB0177B3ACE00AB6A4A /* UIScrollView+Essentials.m in Sources */,
				5B79EA581A98F5400031ED59 /* NSValue+Essentials.m in Sources */,
				5B74A63919D45F5B00B04E07 /* ESSProxy.m in Sources */,
				5BFDDE3D19D95F0900AF28D7 /* NSTimer+Essentials.m in Sources */,
				5B6D199A177C465200FA2E3E /* UIKit+Essentials.m in Sources */,
				5B9E640517BBB9AF008CB772 /* NSShadow+Essentials.m in Sources */,
			);
			runOnlyForDeploymentPostprocessing = 0;
		};
		5BFBABDB1844BAC300179483 /* Sources */ = {
			isa = PBXSourcesBuildPhase;
			buildActionMask = 2147483647;
			files = (
				5BFBAC0C1844BB8900179483 /* NSNumber+Essentials.m in Sources */,
				5B61079F19E6A7FB0071B547 /* NSURLRequest+Essentials.m in Sources */,
				5B61075B19E52E930071B547 /* NSLocale+Essentials.m in Sources */,
				5B5077A11C3E518F004F6745 /* NSMapTable+Essentials.m in Sources */,
				5B79EA541A98E2670031ED59 /* NSCoder+Essentials.m in Sources */,
				5BE4752B18F8342400C428CB /* NSSortDescriptor+Essentials.m in Sources */,
				5B1725C31AC4465300832083 /* ESSCatch.m in Sources */,
				5B8B95061EBF5D64001E7097 /* JSON.m in Sources */,
				5BFBAC061844BB8900179483 /* NSObject+Essentials.m in Sources */,
				5B79EA591A98F5400031ED59 /* NSValue+Essentials.m in Sources */,
				5BFBAC081844BB8900179483 /* NSArray+Essentials.m in Sources */,
				5B3379B019F299D600CBE28C /* ESSLog.m in Sources */,
				5B6C499D184F6A6C00C1D075 /* NSData+Essentials.m in Sources */,
				5BE79BFE189BFCF0004A02B1 /* NSMutableDictionary+Essentials.m in Sources */,
				5BFBAC071844BB8900179483 /* NSString+Essentials.m in Sources */,
				5BFBAC0A1844BB8900179483 /* NSDictionary+Essentials.m in Sources */,
				5BFBAC0E1844BB8900179483 /* NSOperationQueue+Essentials.m in Sources */,
				5BBF9A781C6F9A15007B24FC /* NSDateFormatter+Essentials.m in Sources */,
				5BE79C03189BFE69004A02B1 /* NSUUID+Essentials.m in Sources */,
				5B61079A19E6A5A00071B547 /* ESSURLResponse.m in Sources */,
				5BFBAC0D1844BB8900179483 /* NSInvocation+Essentials.m in Sources */,
				5B7493ED1EBE496900A96210 /* ESSEvent.m in Sources */,
				5BFBAC0F1844BB8900179483 /* NSDate+Essentials.m in Sources */,
				5B74A63A19D45F5B00B04E07 /* ESSProxy.m in Sources */,
				5B61079519E67A6B0071B547 /* NSURLSession+Essentials.m in Sources */,
				5B22FCD21BD95A9400CBA87B /* NSMutableSet+Essentials.m in Sources */,
				5BFBAC0B1844BB8900179483 /* NSError+Essentials.m in Sources */,
				5BFBAC051844BB8900179483 /* Foundation+Essentials.m in Sources */,
				5BE0A3111BD384CB006BDA45 /* NSBundle+Essentials.m in Sources */,
				5BFBAC091844BB8900179483 /* NSMutableArray+Essentials.m in Sources */,
				5BE8AABF19702FD000F0B09A /* NSIndexPath+Essentials.m in Sources */,
				5BAC18091CA69CEB00533C1E /* NSCharacterSet+Essentials.m in Sources */,
				5BFDDE3E19D95F0900AF28D7 /* NSTimer+Essentials.m in Sources */,
			);
			runOnlyForDeploymentPostprocessing = 0;
		};
/* End PBXSourcesBuildPhase section */

/* Begin XCBuildConfiguration section */
		5BBFA5AB176205DF0061E8B5 /* Debug */ = {
			isa = XCBuildConfiguration;
			buildSettings = {
				ALWAYS_SEARCH_USER_PATHS = NO;
				CLANG_CXX_LANGUAGE_STANDARD = "gnu++0x";
				CLANG_CXX_LIBRARY = "libc++";
				CLANG_ENABLE_MODULES = YES;
				CLANG_ENABLE_OBJC_ARC = YES;
				CLANG_WARN_BOOL_CONVERSION = YES;
				CLANG_WARN_CONSTANT_CONVERSION = YES;
				CLANG_WARN_EMPTY_BODY = YES;
				CLANG_WARN_ENUM_CONVERSION = YES;
				CLANG_WARN_INFINITE_RECURSION = YES;
				CLANG_WARN_INT_CONVERSION = YES;
				CLANG_WARN_SUSPICIOUS_MOVE = YES;
				CLANG_WARN_UNREACHABLE_CODE = YES;
				CLANG_WARN__DUPLICATE_METHOD_MATCH = YES;
				COPY_PHASE_STRIP = NO;
				ENABLE_STRICT_OBJC_MSGSEND = YES;
				ENABLE_TESTABILITY = YES;
				GCC_C_LANGUAGE_STANDARD = gnu99;
				GCC_DYNAMIC_NO_PIC = NO;
				GCC_NO_COMMON_BLOCKS = YES;
				GCC_OPTIMIZATION_LEVEL = 0;
				GCC_PREPROCESSOR_DEFINITIONS = (
					"DEBUG=1",
					"$(inherited)",
					"ESS_I_have_read_and_agree_to_the_ESSAssert_changes=YES",
				);
				GCC_SYMBOLS_PRIVATE_EXTERN = NO;
				GCC_WARN_64_TO_32_BIT_CONVERSION = YES;
				GCC_WARN_ABOUT_RETURN_TYPE = YES;
				GCC_WARN_UNDECLARED_SELECTOR = YES;
				GCC_WARN_UNINITIALIZED_AUTOS = YES;
				GCC_WARN_UNUSED_FUNCTION = YES;
				GCC_WARN_UNUSED_VARIABLE = YES;
				IPHONEOS_DEPLOYMENT_TARGET = 8.0;
				ONLY_ACTIVE_ARCH = YES;
				SDKROOT = iphoneos;
				USER_HEADER_SEARCH_PATHS = "Typed/** jDateFormat/**";
				WARNING_CFLAGS = "-Wno-arc-performSelector-leaks";
			};
			name = Debug;
		};
		5BBFA5AC176205DF0061E8B5 /* Release */ = {
			isa = XCBuildConfiguration;
			buildSettings = {
				ALWAYS_SEARCH_USER_PATHS = NO;
				CLANG_CXX_LANGUAGE_STANDARD = "gnu++0x";
				CLANG_CXX_LIBRARY = "libc++";
				CLANG_ENABLE_MODULES = YES;
				CLANG_ENABLE_OBJC_ARC = YES;
				CLANG_WARN_BOOL_CONVERSION = YES;
				CLANG_WARN_CONSTANT_CONVERSION = YES;
				CLANG_WARN_EMPTY_BODY = YES;
				CLANG_WARN_ENUM_CONVERSION = YES;
				CLANG_WARN_INFINITE_RECURSION = YES;
				CLANG_WARN_INT_CONVERSION = YES;
				CLANG_WARN_SUSPICIOUS_MOVE = YES;
				CLANG_WARN_UNREACHABLE_CODE = YES;
				CLANG_WARN__DUPLICATE_METHOD_MATCH = YES;
				COPY_PHASE_STRIP = YES;
				ENABLE_STRICT_OBJC_MSGSEND = YES;
				GCC_C_LANGUAGE_STANDARD = gnu99;
				GCC_NO_COMMON_BLOCKS = YES;
				GCC_PREPROCESSOR_DEFINITIONS = "ESS_I_have_read_and_agree_to_the_ESSAssert_changes=YES";
				GCC_WARN_64_TO_32_BIT_CONVERSION = YES;
				GCC_WARN_ABOUT_RETURN_TYPE = YES;
				GCC_WARN_UNDECLARED_SELECTOR = YES;
				GCC_WARN_UNINITIALIZED_AUTOS = YES;
				GCC_WARN_UNUSED_FUNCTION = YES;
				GCC_WARN_UNUSED_VARIABLE = YES;
				IPHONEOS_DEPLOYMENT_TARGET = 8.0;
				SDKROOT = iphoneos;
				USER_HEADER_SEARCH_PATHS = "Typed/** jDateFormat/**";
				VALIDATE_PRODUCT = YES;
				WARNING_CFLAGS = "-Wno-arc-performSelector-leaks";
			};
			name = Release;
		};
		5BBFA5AE176205DF0061E8B5 /* Debug */ = {
			isa = XCBuildConfiguration;
			buildSettings = {
				DSTROOT = /tmp/Essentials.dst;
				GCC_PRECOMPILE_PREFIX_HEADER = NO;
				LIBRARY_SEARCH_PATHS = (
					"$(inherited)",
					"\"$(SDKROOT)/usr/lib/system\"",
				);
				OTHER_LDFLAGS = "-ObjC";
				PRODUCT_NAME = "$(TARGET_NAME)";
				SKIP_INSTALL = YES;
			};
			name = Debug;
		};
		5BBFA5AF176205DF0061E8B5 /* Release */ = {
			isa = XCBuildConfiguration;
			buildSettings = {
				DSTROOT = /tmp/Essentials.dst;
				GCC_PRECOMPILE_PREFIX_HEADER = NO;
				LIBRARY_SEARCH_PATHS = (
					"$(inherited)",
					"\"$(SDKROOT)/usr/lib/system\"",
				);
				OTHER_LDFLAGS = "-ObjC";
				PRODUCT_NAME = "$(TARGET_NAME)";
				SKIP_INSTALL = YES;
			};
			name = Release;
		};
		5BFBABFF1844BAC300179483 /* Debug */ = {
			isa = XCBuildConfiguration;
			buildSettings = {
				CLANG_WARN_BOOL_CONVERSION = YES;
				CLANG_WARN_DIRECT_OBJC_ISA_USAGE = YES_ERROR;
				CLANG_WARN_OBJC_ROOT_CLASS = YES_ERROR;
				COMBINE_HIDPI_IMAGES = YES;
				FRAMEWORK_SEARCH_PATHS = (
					"$(inherited)",
					"$(DEVELOPER_FRAMEWORKS_DIR)",
				);
				GCC_ENABLE_OBJC_EXCEPTIONS = YES;
				GCC_PREPROCESSOR_DEFINITIONS = (
					"DEBUG=1",
					"$(inherited)",
				);
				GCC_WARN_64_TO_32_BIT_CONVERSION = YES;
				GCC_WARN_ABOUT_RETURN_TYPE = YES_ERROR;
				GCC_WARN_UNDECLARED_SELECTOR = YES;
				GCC_WARN_UNUSED_FUNCTION = YES;
				MACOSX_DEPLOYMENT_TARGET = 10.9;
				PRODUCT_NAME = EssentialsOSX;
				SDKROOT = macosx;
			};
			name = Debug;
		};
		5BFBAC001844BAC300179483 /* Release */ = {
			isa = XCBuildConfiguration;
			buildSettings = {
				CLANG_WARN_BOOL_CONVERSION = YES;
				CLANG_WARN_DIRECT_OBJC_ISA_USAGE = YES_ERROR;
				CLANG_WARN_OBJC_ROOT_CLASS = YES_ERROR;
				COMBINE_HIDPI_IMAGES = YES;
				DEBUG_INFORMATION_FORMAT = "dwarf-with-dsym";
				ENABLE_NS_ASSERTIONS = NO;
				FRAMEWORK_SEARCH_PATHS = (
					"$(inherited)",
					"$(DEVELOPER_FRAMEWORKS_DIR)",
				);
				GCC_ENABLE_OBJC_EXCEPTIONS = YES;
				GCC_WARN_64_TO_32_BIT_CONVERSION = YES;
				GCC_WARN_ABOUT_RETURN_TYPE = YES_ERROR;
				GCC_WARN_UNDECLARED_SELECTOR = YES;
				GCC_WARN_UNUSED_FUNCTION = YES;
				MACOSX_DEPLOYMENT_TARGET = 10.9;
				PRODUCT_NAME = EssentialsOSX;
				SDKROOT = macosx;
			};
			name = Release;
		};
/* End XCBuildConfiguration section */

/* Begin XCConfigurationList section */
		5BBFA583176205DF0061E8B5 /* Build configuration list for PBXProject "Essentials" */ = {
			isa = XCConfigurationList;
			buildConfigurations = (
				5BBFA5AB176205DF0061E8B5 /* Debug */,
				5BBFA5AC176205DF0061E8B5 /* Release */,
			);
			defaultConfigurationIsVisible = 0;
			defaultConfigurationName = Release;
		};
		5BBFA5AD176205DF0061E8B5 /* Build configuration list for PBXNativeTarget "Essentials" */ = {
			isa = XCConfigurationList;
			buildConfigurations = (
				5BBFA5AE176205DF0061E8B5 /* Debug */,
				5BBFA5AF176205DF0061E8B5 /* Release */,
			);
			defaultConfigurationIsVisible = 0;
			defaultConfigurationName = Release;
		};
		5BFBAC031844BAC300179483 /* Build configuration list for PBXNativeTarget "Essentials OS X" */ = {
			isa = XCConfigurationList;
			buildConfigurations = (
				5BFBABFF1844BAC300179483 /* Debug */,
				5BFBAC001844BAC300179483 /* Release */,
			);
			defaultConfigurationIsVisible = 0;
			defaultConfigurationName = Release;
		};
/* End XCConfigurationList section */
	};
	rootObject = 5BBFA580176205DF0061E8B5 /* Project object */;
}
